Microsoft Visual Studio Solution File, Format Version 12.00
# Visual Studio Version 17
VisualStudioVersion = 17.0.32002.185
MinimumVisualStudioVersion = 10.0.40219.1
Project("{2150E333-8FDC-42A3-9474-1A3956D46DE8}") = "Solution Items", "Solution Items", "{0691ABF2-B3C7-43BF-9862-2D8D1299CE58}"
	ProjectSection(SolutionItems) = preProject
		.editorconfig = .editorconfig
		Build.ps1 = Build.ps1
		.github\workflows\ci.yml = .github\workflows\ci.yml
		CONTRIBUTING.md = CONTRIBUTING.md
		Directory.Build.props = Directory.Build.props
		icon.png = icon.png
		ISSUE_TEMPLATE.md = ISSUE_TEMPLATE.md
		nuget.config = nuget.config
		Push.ps1 = Push.ps1
		README.md = README.md
		.github\workflows\release.yml = .github\workflows\release.yml
		Setup.ps1 = Setup.ps1
	EndProjectSection
EndProject
Project("{9A19103F-16F7-4668-BE54-9A1E7A4F7556}") = "Benchmark", "src\Benchmark\Benchmark.csproj", "{B8051389-CB47-46FB-B234-9D49506704AA}"
EndProject
Project("{9A19103F-16F7-4668-BE54-9A1E7A4F7556}") = "AutoMapper", "src\AutoMapper\AutoMapper.csproj", "{35888286-1428-4BF3-BB0C-D8BC092D0A5D}"
EndProject
Project("{9A19103F-16F7-4668-BE54-9A1E7A4F7556}") = "AutoMapper.UnitTests", "src\UnitTests\AutoMapper.UnitTests.csproj", "{4F96C184-FF4B-4256-B8BC-C51D1167C489}"
EndProject
Project("{9A19103F-16F7-4668-BE54-9A1E7A4F7556}") = "AutoMapper.IntegrationTests", "src\IntegrationTests\AutoMapper.IntegrationTests.csproj", "{24B47F4C-0035-4F29-AAD9-4C47E1AAD98E}"
EndProject
Project("{9A19103F-16F7-4668-BE54-9A1E7A4F7556}") = "AutoMapper.DI.Tests", "src\AutoMapper.DI.Tests\AutoMapper.DI.Tests.csproj", "{BEBD620A-8BAA-463F-BE0F-8319AD3C1644}"
EndProject
Project("{9A19103F-16F7-4668-BE54-9A1E7A4F7556}") = "TestApp", "src\TestApp\TestApp.csproj", "{35CED3AE-B825-4703-992D-A58B5BE646DC}"
EndProject
Global
	GlobalSection(SolutionConfigurationPlatforms) = preSolution
		Debug|Any CPU = Debug|Any CPU
		Debug|ARM = Debug|ARM
		Debug|x64 = Debug|x64
		Debug|x86 = Debug|x86
		Release|Any CPU = Release|Any CPU
		Release|ARM = Release|ARM
		Release|x64 = Release|x64
		Release|x86 = Release|x86
	EndGlobalSection
	GlobalSection(ProjectConfigurationPlatforms) = postSolution
		{B8051389-CB47-46FB-B234-9D49506704AA}.Debug|Any CPU.ActiveCfg = Debug|Any CPU
		{B8051389-CB47-46FB-B234-9D49506704AA}.Debug|Any CPU.Build.0 = Debug|Any CPU
		{B8051389-CB47-46FB-B234-9D49506704AA}.Debug|ARM.ActiveCfg = Debug|Any CPU
		{B8051389-CB47-46FB-B234-9D49506704AA}.Debug|x64.ActiveCfg = Debug|Any CPU
		{B8051389-CB47-46FB-B234-9D49506704AA}.Debug|x86.ActiveCfg = Debug|Any CPU
		{B8051389-CB47-46FB-B234-9D49506704AA}.Release|Any CPU.ActiveCfg = Release|Any CPU
		{B8051389-CB47-46FB-B234-9D49506704AA}.Release|Any CPU.Build.0 = Release|Any CPU
		{B8051389-CB47-46FB-B234-9D49506704AA}.Release|ARM.ActiveCfg = Release|Any CPU
		{B8051389-CB47-46FB-B234-9D49506704AA}.Release|x64.ActiveCfg = Release|Any CPU
		{B8051389-CB47-46FB-B234-9D49506704AA}.Release|x86.ActiveCfg = Release|Any CPU
		{35888286-1428-4BF3-BB0C-D8BC092D0A5D}.Debug|Any CPU.ActiveCfg = Debug|Any CPU
		{35888286-1428-4BF3-BB0C-D8BC092D0A5D}.Debug|Any CPU.Build.0 = Debug|Any CPU
		{35888286-1428-4BF3-BB0C-D8BC092D0A5D}.Debug|ARM.ActiveCfg = Debug|Any CPU
		{35888286-1428-4BF3-BB0C-D8BC092D0A5D}.Debug|ARM.Build.0 = Debug|Any CPU
		{35888286-1428-4BF3-BB0C-D8BC092D0A5D}.Debug|x64.ActiveCfg = Debug|Any CPU
		{35888286-1428-4BF3-BB0C-D8BC092D0A5D}.Debug|x64.Build.0 = Debug|Any CPU
		{35888286-1428-4BF3-BB0C-D8BC092D0A5D}.Debug|x86.ActiveCfg = Debug|Any CPU
		{35888286-1428-4BF3-BB0C-D8BC092D0A5D}.Debug|x86.Build.0 = Debug|Any CPU
		{35888286-1428-4BF3-BB0C-D8BC092D0A5D}.Release|Any CPU.ActiveCfg = Release|Any CPU
		{35888286-1428-4BF3-BB0C-D8BC092D0A5D}.Release|Any CPU.Build.0 = Release|Any CPU
		{35888286-1428-4BF3-BB0C-D8BC092D0A5D}.Release|ARM.ActiveCfg = Release|Any CPU
		{35888286-1428-4BF3-BB0C-D8BC092D0A5D}.Release|ARM.Build.0 = Release|Any CPU
		{35888286-1428-4BF3-BB0C-D8BC092D0A5D}.Release|x64.ActiveCfg = Release|Any CPU
		{35888286-1428-4BF3-BB0C-D8BC092D0A5D}.Release|x64.Build.0 = Release|Any CPU
		{35888286-1428-4BF3-BB0C-D8BC092D0A5D}.Release|x86.ActiveCfg = Release|Any CPU
		{35888286-1428-4BF3-BB0C-D8BC092D0A5D}.Release|x86.Build.0 = Release|Any CPU
		{4F96C184-FF4B-4256-B8BC-C51D1167C489}.Debug|Any CPU.ActiveCfg = Debug|Any CPU
		{4F96C184-FF4B-4256-B8BC-C51D1167C489}.Debug|Any CPU.Build.0 = Debug|Any CPU
		{4F96C184-FF4B-4256-B8BC-C51D1167C489}.Debug|ARM.ActiveCfg = Debug|Any CPU
		{4F96C184-FF4B-4256-B8BC-C51D1167C489}.Debug|ARM.Build.0 = Debug|Any CPU
		{4F96C184-FF4B-4256-B8BC-C51D1167C489}.Debug|x64.ActiveCfg = Debug|Any CPU
		{4F96C184-FF4B-4256-B8BC-C51D1167C489}.Debug|x64.Build.0 = Debug|Any CPU
		{4F96C184-FF4B-4256-B8BC-C51D1167C489}.Debug|x86.ActiveCfg = Debug|Any CPU
		{4F96C184-FF4B-4256-B8BC-C51D1167C489}.Debug|x86.Build.0 = Debug|Any CPU
		{4F96C184-FF4B-4256-B8BC-C51D1167C489}.Release|Any CPU.ActiveCfg = Release|Any CPU
		{4F96C184-FF4B-4256-B8BC-C51D1167C489}.Release|Any CPU.Build.0 = Release|Any CPU
		{4F96C184-FF4B-4256-B8BC-C51D1167C489}.Release|ARM.ActiveCfg = Release|Any CPU
		{4F96C184-FF4B-4256-B8BC-C51D1167C489}.Release|ARM.Build.0 = Release|Any CPU
		{4F96C184-FF4B-4256-B8BC-C51D1167C489}.Release|x64.ActiveCfg = Release|Any CPU
		{4F96C184-FF4B-4256-B8BC-C51D1167C489}.Release|x64.Build.0 = Release|Any CPU
		{4F96C184-FF4B-4256-B8BC-C51D1167C489}.Release|x86.ActiveCfg = Release|Any CPU
		{4F96C184-FF4B-4256-B8BC-C51D1167C489}.Release|x86.Build.0 = Release|Any CPU
		{24B47F4C-0035-4F29-AAD9-4C47E1AAD98E}.Debug|Any CPU.ActiveCfg = Debug|Any CPU
		{24B47F4C-0035-4F29-AAD9-4C47E1AAD98E}.Debug|Any CPU.Build.0 = Debug|Any CPU
		{24B47F4C-0035-4F29-AAD9-4C47E1AAD98E}.Debug|ARM.ActiveCfg = Debug|Any CPU
		{24B47F4C-0035-4F29-AAD9-4C47E1AAD98E}.Debug|ARM.Build.0 = Debug|Any CPU
		{24B47F4C-0035-4F29-AAD9-4C47E1AAD98E}.Debug|x64.ActiveCfg = Debug|Any CPU
		{24B47F4C-0035-4F29-AAD9-4C47E1AAD98E}.Debug|x64.Build.0 = Debug|Any CPU
		{24B47F4C-0035-4F29-AAD9-4C47E1AAD98E}.Debug|x86.ActiveCfg = Debug|Any CPU
		{24B47F4C-0035-4F29-AAD9-4C47E1AAD98E}.Debug|x86.Build.0 = Debug|Any CPU
		{24B47F4C-0035-4F29-AAD9-4C47E1AAD98E}.Release|Any CPU.ActiveCfg = Release|Any CPU
		{24B47F4C-0035-4F29-AAD9-4C47E1AAD98E}.Release|Any CPU.Build.0 = Release|Any CPU
		{24B47F4C-0035-4F29-AAD9-4C47E1AAD98E}.Release|ARM.ActiveCfg = Release|Any CPU
		{24B47F4C-0035-4F29-AAD9-4C47E1AAD98E}.Release|ARM.Build.0 = Release|Any CPU
		{24B47F4C-0035-4F29-AAD9-4C47E1AAD98E}.Release|x64.ActiveCfg = Release|Any CPU
		{24B47F4C-0035-4F29-AAD9-4C47E1AAD98E}.Release|x64.Build.0 = Release|Any CPU
		{24B47F4C-0035-4F29-AAD9-4C47E1AAD98E}.Release|x86.ActiveCfg = Release|Any CPU
		{24B47F4C-0035-4F29-AAD9-4C47E1AAD98E}.Release|x86.Build.0 = Release|Any CPU
		{BEBD620A-8BAA-463F-BE0F-8319AD3C1644}.Debug|Any CPU.ActiveCfg = Debug|Any CPU
		{BEBD620A-8BAA-463F-BE0F-8319AD3C1644}.Debug|Any CPU.Build.0 = Debug|Any CPU
		{BEBD620A-8BAA-463F-BE0F-8319AD3C1644}.Debug|ARM.ActiveCfg = Debug|Any CPU
		{BEBD620A-8BAA-463F-BE0F-8319AD3C1644}.Debug|ARM.Build.0 = Debug|Any CPU
		{BEBD620A-8BAA-463F-BE0F-8319AD3C1644}.Debug|x64.ActiveCfg = Debug|Any CPU
		{BEBD620A-8BAA-463F-BE0F-8319AD3C1644}.Debug|x64.Build.0 = Debug|Any CPU
		{BEBD620A-8BAA-463F-BE0F-8319AD3C1644}.Debug|x86.ActiveCfg = Debug|Any CPU
		{BEBD620A-8BAA-463F-BE0F-8319AD3C1644}.Debug|x86.Build.0 = Debug|Any CPU
		{BEBD620A-8BAA-463F-BE0F-8319AD3C1644}.Release|Any CPU.ActiveCfg = Release|Any CPU
		{BEBD620A-8BAA-463F-BE0F-8319AD3C1644}.Release|Any CPU.Build.0 = Release|Any CPU
		{BEBD620A-8BAA-463F-BE0F-8319AD3C1644}.Release|ARM.ActiveCfg = Release|Any CPU
		{BEBD620A-8BAA-463F-BE0F-8319AD3C1644}.Release|ARM.Build.0 = Release|Any CPU
		{BEBD620A-8BAA-463F-BE0F-8319AD3C1644}.Release|x64.ActiveCfg = Release|Any CPU
		{BEBD620A-8BAA-463F-BE0F-8319AD3C1644}.Release|x64.Build.0 = Release|Any CPU
		{BEBD620A-8BAA-463F-BE0F-8319AD3C1644}.Release|x86.ActiveCfg = Release|Any CPU
		{BEBD620A-8BAA-463F-BE0F-8319AD3C1644}.Release|x86.Build.0 = Release|Any CPU
		{35CED3AE-B825-4703-992D-A58B5BE646DC}.Debug|Any CPU.ActiveCfg = Debug|Any CPU
		{35CED3AE-B825-4703-992D-A58B5BE646DC}.Debug|Any CPU.Build.0 = Debug|Any CPU
		{35CED3AE-B825-4703-992D-A58B5BE646DC}.Debug|ARM.ActiveCfg = Debug|Any CPU
		{35CED3AE-B825-4703-992D-A58B5BE646DC}.Debug|ARM.Build.0 = Debug|Any CPU
		{35CED3AE-B825-4703-992D-A58B5BE646DC}.Debug|x64.ActiveCfg = Debug|Any CPU
		{35CED3AE-B825-4703-992D-A58B5BE646DC}.Debug|x64.Build.0 = Debug|Any CPU
		{35CED3AE-B825-4703-992D-A58B5BE646DC}.Debug|x86.ActiveCfg = Debug|Any CPU
		{35CED3AE-B825-4703-992D-A58B5BE646DC}.Debug|x86.Build.0 = Debug|Any CPU
		{35CED3AE-B825-4703-992D-A58B5BE646DC}.Release|Any CPU.ActiveCfg = Release|Any CPU
		{35CED3AE-B825-4703-992D-A58B5BE646DC}.Release|Any CPU.Build.0 = Release|Any CPU
		{35CED3AE-B825-4703-992D-A58B5BE646DC}.Release|ARM.ActiveCfg = Release|Any CPU
		{35CED3AE-B825-4703-992D-A58B5BE646DC}.Release|ARM.Build.0 = Release|Any CPU
		{35CED3AE-B825-4703-992D-A58B5BE646DC}.Release|x64.ActiveCfg = Release|Any CPU
		{35CED3AE-B825-4703-992D-A58B5BE646DC}.Release|x64.Build.0 = Release|Any CPU
		{35CED3AE-B825-4703-992D-A58B5BE646DC}.Release|x86.ActiveCfg = Release|Any CPU
		{35CED3AE-B825-4703-992D-A58B5BE646DC}.Release|x86.Build.0 = Release|Any CPU
	EndGlobalSection
	GlobalSection(SolutionProperties) = preSolution
		HideSolutionNode = FALSE
	EndGlobalSection
	GlobalSection(ExtensibilityGlobals) = postSolution
		SolutionGuid = {4D8272EE-D8E3-4B7E-A063-B334CBF8C42F}
	EndGlobalSection
EndGlobal
