Microsoft Visual Studio Solution File, Format Version 12.00
# Visual Studio 15
VisualStudioVersion = 15.0.26730.10
MinimumVisualStudioVersion = 10.0.40219.1
Project("{2150E333-8FDC-42A3-9474-1A3956D46DE8}") = "Solution Items", "Solution Items", "{0691ABF2-B3C7-43BF-9862-2D8D1299CE58}"
	ProjectSection(SolutionItems) = preProject
		appveyor.yml = appveyor.yml
		CONTRIBUTING.md = CONTRIBUTING.md
		default.ps1 = default.ps1
		ISSUE_TEMPLATE.md = ISSUE_TEMPLATE.md
		README.md = README.md
	EndProjectSection
EndProject
Project("{2150E333-8FDC-42A3-9474-1A3956D46DE8}") = "Core", "Core", "{C1930F52-C66E-4E56-B7DB-FD42E497FFF0}"
EndProject
Project("{2150E333-8FDC-42A3-9474-1A3956D46DE8}") = "Tests", "Tests", "{1BCC7A00-6382-4891-936A-F164614D26A4}"
EndProject
Project("{2150E333-8FDC-42A3-9474-1A3956D46DE8}") = "Samples", "Samples", "{B84E9CD3-2DDB-47FA-84BE-732EBF2F46CD}"
EndProject
Project("{FAE04EC0-301F-11D3-BF4B-00C04F79EFBC}") = "AutoMapperSamples", "src\AutoMapperSamples\AutoMapperSamples.csproj", "{277C689D-B1C1-43EA-B20D-C1155C4B2EA7}"
EndProject
Project("{FAE04EC0-301F-11D3-BF4B-00C04F79EFBC}") = "Benchmark", "src\Benchmark\Benchmark.csproj", "{B8051389-CB47-46FB-B234-9D49506704AA}"
EndProject
Project("{9A19103F-16F7-4668-BE54-9A1E7A4F7556}") = "AutoMapper", "src\AutoMapper\AutoMapper.csproj", "{35888286-1428-4BF3-BB0C-D8BC092D0A5D}"
EndProject
Project("{FAE04EC0-301F-11D3-BF4B-00C04F79EFBC}") = "AutoMapperSamples.EF", "src\AutoMapperSamples.EF\AutoMapperSamples.EF.csproj", "{D497FA09-E931-4B4E-870A-55EC8E3E35E2}"
EndProject
Project("{FAE04EC0-301F-11D3-BF4B-00C04F79EFBC}") = "AutoMapperSamples.OData", "src\AutoMapperSamples.OData\AutoMapperSamples.OData.csproj", "{E87F3347-5604-42DD-915B-173BDE2AAAF3}"
EndProject
Project("{9A19103F-16F7-4668-BE54-9A1E7A4F7556}") = "AutoMapper.UnitTests", "src\UnitTests\AutoMapper.UnitTests.csproj", "{4F96C184-FF4B-4256-B8BC-C51D1167C489}"
EndProject
Project("{9A19103F-16F7-4668-BE54-9A1E7A4F7556}") = "AutoMapper.IntegrationTests", "src\IntegrationTests\AutoMapper.IntegrationTests.csproj", "{24B47F4C-0035-4F29-AAD9-4C47E1AAD98E}"
EndProject
Global
	GlobalSection(SolutionConfigurationPlatforms) = preSolution
		Debug|Any CPU = Debug|Any CPU
		Debug|ARM = Debug|ARM
		Debug|x64 = Debug|x64
		Debug|x86 = Debug|x86
		Release|Any CPU = Release|Any CPU
		Release|ARM = Release|ARM
		Release|x64 = Release|x64
		Release|x86 = Release|x86
	EndGlobalSection
	GlobalSection(ProjectConfigurationPlatforms) = postSolution
		{277C689D-B1C1-43EA-B20D-C1155C4B2EA7}.Debug|Any CPU.ActiveCfg = Debug|Any CPU
		{277C689D-B1C1-43EA-B20D-C1155C4B2EA7}.Debug|Any CPU.Build.0 = Debug|Any CPU
		{277C689D-B1C1-43EA-B20D-C1155C4B2EA7}.Debug|ARM.ActiveCfg = Debug|Any CPU
		{277C689D-B1C1-43EA-B20D-C1155C4B2EA7}.Debug|x64.ActiveCfg = Debug|Any CPU
		{277C689D-B1C1-43EA-B20D-C1155C4B2EA7}.Debug|x86.ActiveCfg = Debug|Any CPU
		{277C689D-B1C1-43EA-B20D-C1155C4B2EA7}.Release|Any CPU.ActiveCfg = Release|Any CPU
		{277C689D-B1C1-43EA-B20D-C1155C4B2EA7}.Release|Any CPU.Build.0 = Release|Any CPU
		{277C689D-B1C1-43EA-B20D-C1155C4B2EA7}.Release|ARM.ActiveCfg = Release|Any CPU
		{277C689D-B1C1-43EA-B20D-C1155C4B2EA7}.Release|x64.ActiveCfg = Release|Any CPU
		{277C689D-B1C1-43EA-B20D-C1155C4B2EA7}.Release|x86.ActiveCfg = Release|Any CPU
		{B8051389-CB47-46FB-B234-9D49506704AA}.Debug|Any CPU.ActiveCfg = Debug|Any CPU
		{B8051389-CB47-46FB-B234-9D49506704AA}.Debug|Any CPU.Build.0 = Debug|Any CPU
		{B8051389-CB47-46FB-B234-9D49506704AA}.Debug|ARM.ActiveCfg = Debug|Any CPU
		{B8051389-CB47-46FB-B234-9D49506704AA}.Debug|x64.ActiveCfg = Debug|Any CPU
		{B8051389-CB47-46FB-B234-9D49506704AA}.Debug|x86.ActiveCfg = Debug|Any CPU
		{B8051389-CB47-46FB-B234-9D49506704AA}.Release|Any CPU.ActiveCfg = Release|Any CPU
		{B8051389-CB47-46FB-B234-9D49506704AA}.Release|Any CPU.Build.0 = Release|Any CPU
		{B8051389-CB47-46FB-B234-9D49506704AA}.Release|ARM.ActiveCfg = Release|Any CPU
		{B8051389-CB47-46FB-B234-9D49506704AA}.Release|x64.ActiveCfg = Release|Any CPU
		{B8051389-CB47-46FB-B234-9D49506704AA}.Release|x86.ActiveCfg = Release|Any CPU
		{35888286-1428-4BF3-BB0C-D8BC092D0A5D}.Debug|Any CPU.ActiveCfg = Debug|Any CPU
		{35888286-1428-4BF3-BB0C-D8BC092D0A5D}.Debug|Any CPU.Build.0 = Debug|Any CPU
		{35888286-1428-4BF3-BB0C-D8BC092D0A5D}.Debug|ARM.ActiveCfg = Debug|Any CPU
		{35888286-1428-4BF3-BB0C-D8BC092D0A5D}.Debug|ARM.Build.0 = Debug|Any CPU
		{35888286-1428-4BF3-BB0C-D8BC092D0A5D}.Debug|x64.ActiveCfg = Debug|Any CPU
		{35888286-1428-4BF3-BB0C-D8BC092D0A5D}.Debug|x64.Build.0 = Debug|Any CPU
		{35888286-1428-4BF3-BB0C-D8BC092D0A5D}.Debug|x86.ActiveCfg = Debug|Any CPU
		{35888286-1428-4BF3-BB0C-D8BC092D0A5D}.Debug|x86.Build.0 = Debug|Any CPU
		{35888286-1428-4BF3-BB0C-D8BC092D0A5D}.Release|Any CPU.ActiveCfg = Release|Any CPU
		{35888286-1428-4BF3-BB0C-D8BC092D0A5D}.Release|Any CPU.Build.0 = Release|Any CPU
		{35888286-1428-4BF3-BB0C-D8BC092D0A5D}.Release|ARM.ActiveCfg = Release|Any CPU
		{35888286-1428-4BF3-BB0C-D8BC092D0A5D}.Release|ARM.Build.0 = Release|Any CPU
		{35888286-1428-4BF3-BB0C-D8BC092D0A5D}.Release|x64.ActiveCfg = Release|Any CPU
		{35888286-1428-4BF3-BB0C-D8BC092D0A5D}.Release|x64.Build.0 = Release|Any CPU
		{35888286-1428-4BF3-BB0C-D8BC092D0A5D}.Release|x86.ActiveCfg = Release|Any CPU
		{35888286-1428-4BF3-BB0C-D8BC092D0A5D}.Release|x86.Build.0 = Release|Any CPU
		{D497FA09-E931-4B4E-870A-55EC8E3E35E2}.Debug|Any CPU.ActiveCfg = Debug|Any CPU
		{D497FA09-E931-4B4E-870A-55EC8E3E35E2}.Debug|Any CPU.Build.0 = Debug|Any CPU
		{D497FA09-E931-4B4E-870A-55EC8E3E35E2}.Debug|ARM.ActiveCfg = Debug|Any CPU
		{D497FA09-E931-4B4E-870A-55EC8E3E35E2}.Debug|ARM.Build.0 = Debug|Any CPU
		{D497FA09-E931-4B4E-870A-55EC8E3E35E2}.Debug|x64.ActiveCfg = Debug|Any CPU
		{D497FA09-E931-4B4E-870A-55EC8E3E35E2}.Debug|x64.Build.0 = Debug|Any CPU
		{D497FA09-E931-4B4E-870A-55EC8E3E35E2}.Debug|x86.ActiveCfg = Debug|Any CPU
		{D497FA09-E931-4B4E-870A-55EC8E3E35E2}.Debug|x86.Build.0 = Debug|Any CPU
		{D497FA09-E931-4B4E-870A-55EC8E3E35E2}.Release|Any CPU.ActiveCfg = Release|Any CPU
		{D497FA09-E931-4B4E-870A-55EC8E3E35E2}.Release|Any CPU.Build.0 = Release|Any CPU
		{D497FA09-E931-4B4E-870A-55EC8E3E35E2}.Release|ARM.ActiveCfg = Release|Any CPU
		{D497FA09-E931-4B4E-870A-55EC8E3E35E2}.Release|ARM.Build.0 = Release|Any CPU
		{D497FA09-E931-4B4E-870A-55EC8E3E35E2}.Release|x64.ActiveCfg = Release|Any CPU
		{D497FA09-E931-4B4E-870A-55EC8E3E35E2}.Release|x64.Build.0 = Release|Any CPU
		{D497FA09-E931-4B4E-870A-55EC8E3E35E2}.Release|x86.ActiveCfg = Release|Any CPU
		{D497FA09-E931-4B4E-870A-55EC8E3E35E2}.Release|x86.Build.0 = Release|Any CPU
		{E87F3347-5604-42DD-915B-173BDE2AAAF3}.Debug|Any CPU.ActiveCfg = Debug|Any CPU
		{E87F3347-5604-42DD-915B-173BDE2AAAF3}.Debug|Any CPU.Build.0 = Debug|Any CPU
		{E87F3347-5604-42DD-915B-173BDE2AAAF3}.Debug|ARM.ActiveCfg = Debug|Any CPU
		{E87F3347-5604-42DD-915B-173BDE2AAAF3}.Debug|ARM.Build.0 = Debug|Any CPU
		{E87F3347-5604-42DD-915B-173BDE2AAAF3}.Debug|x64.ActiveCfg = Debug|Any CPU
		{E87F3347-5604-42DD-915B-173BDE2AAAF3}.Debug|x64.Build.0 = Debug|Any CPU
		{E87F3347-5604-42DD-915B-173BDE2AAAF3}.Debug|x86.ActiveCfg = Debug|Any CPU
		{E87F3347-5604-42DD-915B-173BDE2AAAF3}.Debug|x86.Build.0 = Debug|Any CPU
		{E87F3347-5604-42DD-915B-173BDE2AAAF3}.Release|Any CPU.ActiveCfg = Release|Any CPU
		{E87F3347-5604-42DD-915B-173BDE2AAAF3}.Release|Any CPU.Build.0 = Release|Any CPU
		{E87F3347-5604-42DD-915B-173BDE2AAAF3}.Release|ARM.ActiveCfg = Release|Any CPU
		{E87F3347-5604-42DD-915B-173BDE2AAAF3}.Release|ARM.Build.0 = Release|Any CPU
		{E87F3347-5604-42DD-915B-173BDE2AAAF3}.Release|x64.ActiveCfg = Release|Any CPU
		{E87F3347-5604-42DD-915B-173BDE2AAAF3}.Release|x64.Build.0 = Release|Any CPU
		{E87F3347-5604-42DD-915B-173BDE2AAAF3}.Release|x86.ActiveCfg = Release|Any CPU
		{E87F3347-5604-42DD-915B-173BDE2AAAF3}.Release|x86.Build.0 = Release|Any CPU
		{4F96C184-FF4B-4256-B8BC-C51D1167C489}.Debug|Any CPU.ActiveCfg = Debug|Any CPU
		{4F96C184-FF4B-4256-B8BC-C51D1167C489}.Debug|Any CPU.Build.0 = Debug|Any CPU
		{4F96C184-FF4B-4256-B8BC-C51D1167C489}.Debug|ARM.ActiveCfg = Debug|Any CPU
		{4F96C184-FF4B-4256-B8BC-C51D1167C489}.Debug|ARM.Build.0 = Debug|Any CPU
		{4F96C184-FF4B-4256-B8BC-C51D1167C489}.Debug|x64.ActiveCfg = Debug|Any CPU
		{4F96C184-FF4B-4256-B8BC-C51D1167C489}.Debug|x64.Build.0 = Debug|Any CPU
		{4F96C184-FF4B-4256-B8BC-C51D1167C489}.Debug|x86.ActiveCfg = Debug|Any CPU
		{4F96C184-FF4B-4256-B8BC-C51D1167C489}.Debug|x86.Build.0 = Debug|Any CPU
		{4F96C184-FF4B-4256-B8BC-C51D1167C489}.Release|Any CPU.ActiveCfg = Release|Any CPU
		{4F96C184-FF4B-4256-B8BC-C51D1167C489}.Release|Any CPU.Build.0 = Release|Any CPU
		{4F96C184-FF4B-4256-B8BC-C51D1167C489}.Release|ARM.ActiveCfg = Release|Any CPU
		{4F96C184-FF4B-4256-B8BC-C51D1167C489}.Release|ARM.Build.0 = Release|Any CPU
		{4F96C184-FF4B-4256-B8BC-C51D1167C489}.Release|x64.ActiveCfg = Release|Any CPU
		{4F96C184-FF4B-4256-B8BC-C51D1167C489}.Release|x64.Build.0 = Release|Any CPU
		{4F96C184-FF4B-4256-B8BC-C51D1167C489}.Release|x86.ActiveCfg = Release|Any CPU
		{4F96C184-FF4B-4256-B8BC-C51D1167C489}.Release|x86.Build.0 = Release|Any CPU
		{24B47F4C-0035-4F29-AAD9-4C47E1AAD98E}.Debug|Any CPU.ActiveCfg = Debug|Any CPU
		{24B47F4C-0035-4F29-AAD9-4C47E1AAD98E}.Debug|Any CPU.Build.0 = Debug|Any CPU
		{24B47F4C-0035-4F29-AAD9-4C47E1AAD98E}.Debug|ARM.ActiveCfg = Debug|Any CPU
		{24B47F4C-0035-4F29-AAD9-4C47E1AAD98E}.Debug|ARM.Build.0 = Debug|Any CPU
		{24B47F4C-0035-4F29-AAD9-4C47E1AAD98E}.Debug|x64.ActiveCfg = Debug|Any CPU
		{24B47F4C-0035-4F29-AAD9-4C47E1AAD98E}.Debug|x64.Build.0 = Debug|Any CPU
		{24B47F4C-0035-4F29-AAD9-4C47E1AAD98E}.Debug|x86.ActiveCfg = Debug|Any CPU
		{24B47F4C-0035-4F29-AAD9-4C47E1AAD98E}.Debug|x86.Build.0 = Debug|Any CPU
		{24B47F4C-0035-4F29-AAD9-4C47E1AAD98E}.Release|Any CPU.ActiveCfg = Release|Any CPU
		{24B47F4C-0035-4F29-AAD9-4C47E1AAD98E}.Release|Any CPU.Build.0 = Release|Any CPU
		{24B47F4C-0035-4F29-AAD9-4C47E1AAD98E}.Release|ARM.ActiveCfg = Release|Any CPU
		{24B47F4C-0035-4F29-AAD9-4C47E1AAD98E}.Release|ARM.Build.0 = Release|Any CPU
		{24B47F4C-0035-4F29-AAD9-4C47E1AAD98E}.Release|x64.ActiveCfg = Release|Any CPU
		{24B47F4C-0035-4F29-AAD9-4C47E1AAD98E}.Release|x64.Build.0 = Release|Any CPU
		{24B47F4C-0035-4F29-AAD9-4C47E1AAD98E}.Release|x86.ActiveCfg = Release|Any CPU
		{24B47F4C-0035-4F29-AAD9-4C47E1AAD98E}.Release|x86.Build.0 = Release|Any CPU
	EndGlobalSection
	GlobalSection(SolutionProperties) = preSolution
		HideSolutionNode = FALSE
	EndGlobalSection
	GlobalSection(NestedProjects) = preSolution
		{277C689D-B1C1-43EA-B20D-C1155C4B2EA7} = {B84E9CD3-2DDB-47FA-84BE-732EBF2F46CD}
		{B8051389-CB47-46FB-B234-9D49506704AA} = {1BCC7A00-6382-4891-936A-F164614D26A4}
		{35888286-1428-4BF3-BB0C-D8BC092D0A5D} = {C1930F52-C66E-4E56-B7DB-FD42E497FFF0}
		{D497FA09-E931-4B4E-870A-55EC8E3E35E2} = {B84E9CD3-2DDB-47FA-84BE-732EBF2F46CD}
		{E87F3347-5604-42DD-915B-173BDE2AAAF3} = {B84E9CD3-2DDB-47FA-84BE-732EBF2F46CD}
		{4F96C184-FF4B-4256-B8BC-C51D1167C489} = {1BCC7A00-6382-4891-936A-F164614D26A4}
		{24B47F4C-0035-4F29-AAD9-4C47E1AAD98E} = {1BCC7A00-6382-4891-936A-F164614D26A4}
	EndGlobalSection
	GlobalSection(ExtensibilityGlobals) = postSolution
		SolutionGuid = {4D8272EE-D8E3-4B7E-A063-B334CBF8C42F}
	EndGlobalSection
EndGlobal
