Microsoft Visual Studio Solution File, Format Version 12.00
# Visual Studio 14
VisualStudioVersion = 14.0.25420.1
MinimumVisualStudioVersion = 10.0.40219.1
Project("{2150E333-8FDC-42A3-9474-1A3956D46DE8}") = "Solution Items", "Solution Items", "{0691ABF2-B3C7-43BF-9862-2D8D1299CE58}"
	ProjectSection(SolutionItems) = preProject
		..\appveyor.yml = ..\appveyor.yml
		..\AutoMapper.nuspec = ..\AutoMapper.nuspec
		..\default.ps1 = ..\default.ps1
		..\global.json = ..\global.json
		NuGet.config = NuGet.config
		..\psake.bat = ..\psake.bat
		..\README.md = ..\README.md
	EndProjectSection
EndProject
Project("{FAE04EC0-301F-11D3-BF4B-00C04F79EFBC}") = "UnitTests.Net4", "UnitTests\UnitTests.Net4.csproj", "{002075C5-6517-4794-BC99-9B17B9E884E7}"
EndProject
Project("{FAE04EC0-301F-11D3-BF4B-00C04F79EFBC}") = "AutoMapperSamples", "AutoMapperSamples\AutoMapperSamples.csproj", "{277C689D-B1C1-43EA-B20D-C1155C4B2EA7}"
EndProject
Project("{FAE04EC0-301F-11D3-BF4B-00C04F79EFBC}") = "Benchmark", "Benchmark\Benchmark.csproj", "{B8051389-CB47-46FB-B234-9D49506704AA}"
EndProject
Project("{2150E333-8FDC-42A3-9474-1A3956D46DE8}") = "Core", "Core", "{C1930F52-C66E-4E56-B7DB-FD42E497FFF0}"
EndProject
Project("{2150E333-8FDC-42A3-9474-1A3956D46DE8}") = "Tests", "Tests", "{1BCC7A00-6382-4891-936A-F164614D26A4}"
EndProject
Project("{2150E333-8FDC-42A3-9474-1A3956D46DE8}") = "Samples", "Samples", "{B84E9CD3-2DDB-47FA-84BE-732EBF2F46CD}"
EndProject
Project("{FAE04EC0-301F-11D3-BF4B-00C04F79EFBC}") = "IntegrationTests.Net4", "IntegrationTests.Net4\IntegrationTests.Net4.csproj", "{906F2125-2AEC-44A3-A95F-CB79C0A745BB}"
EndProject
Project("{2150E333-8FDC-42A3-9474-1A3956D46DE8}") = ".nuget", ".nuget", "{1A726C5A-1BDC-4275-95EB-1FAFCCCB4F20}"
	ProjectSection(SolutionItems) = preProject
		.nuget\NuGet.exe = .nuget\NuGet.exe
	EndProjectSection
EndProject
Project("{8BB2217D-0F2D-49D1-97BC-3654ED321F3B}") = "AutoMapper", "AutoMapper\AutoMapper.xproj", "{35888286-1428-4BF3-BB0C-D8BC092D0A5D}"
EndProject
Project("{FAE04EC0-301F-11D3-BF4B-00C04F79EFBC}") = "AutoMapper.Net4", "AutoMapper.Net4\AutoMapper.Net4.csproj", "{8C955148-FA96-4F0D-880D-ABB6770F54E9}"
EndProject
Project("{FAE04EC0-301F-11D3-BF4B-00C04F79EFBC}") = "AutoMapperSamples.EF", "AutoMapperSamples.EF\AutoMapperSamples.EF.csproj", "{D497FA09-E931-4B4E-870A-55EC8E3E35E2}"
EndProject
Project("{FAE04EC0-301F-11D3-BF4B-00C04F79EFBC}") = "AutoMapperSamples.OData", "AutoMapperSamples.OData\AutoMapperSamples.OData.csproj", "{E87F3347-5604-42DD-915B-173BDE2AAAF3}"
EndProject
Global
	GlobalSection(SolutionConfigurationPlatforms) = preSolution
		Debug|Any CPU = Debug|Any CPU
		Debug|ARM = Debug|ARM
		Debug|x64 = Debug|x64
		Debug|x86 = Debug|x86
		Release|Any CPU = Release|Any CPU
		Release|ARM = Release|ARM
		Release|x64 = Release|x64
		Release|x86 = Release|x86
	EndGlobalSection
	GlobalSection(ProjectConfigurationPlatforms) = postSolution
		{002075C5-6517-4794-BC99-9B17B9E884E7}.Debug|Any CPU.ActiveCfg = Debug|Any CPU
		{002075C5-6517-4794-BC99-9B17B9E884E7}.Debug|Any CPU.Build.0 = Debug|Any CPU
		{002075C5-6517-4794-BC99-9B17B9E884E7}.Debug|ARM.ActiveCfg = Debug|Any CPU
		{002075C5-6517-4794-BC99-9B17B9E884E7}.Debug|x64.ActiveCfg = Debug|Any CPU
		{002075C5-6517-4794-BC99-9B17B9E884E7}.Debug|x86.ActiveCfg = Debug|Any CPU
		{002075C5-6517-4794-BC99-9B17B9E884E7}.Release|Any CPU.ActiveCfg = Release|Any CPU
		{002075C5-6517-4794-BC99-9B17B9E884E7}.Release|Any CPU.Build.0 = Release|Any CPU
		{002075C5-6517-4794-BC99-9B17B9E884E7}.Release|ARM.ActiveCfg = Release|Any CPU
		{002075C5-6517-4794-BC99-9B17B9E884E7}.Release|x64.ActiveCfg = Release|Any CPU
		{002075C5-6517-4794-BC99-9B17B9E884E7}.Release|x86.ActiveCfg = Release|Any CPU
		{277C689D-B1C1-43EA-B20D-C1155C4B2EA7}.Debug|Any CPU.ActiveCfg = Debug|Any CPU
		{277C689D-B1C1-43EA-B20D-C1155C4B2EA7}.Debug|Any CPU.Build.0 = Debug|Any CPU
		{277C689D-B1C1-43EA-B20D-C1155C4B2EA7}.Debug|ARM.ActiveCfg = Debug|Any CPU
		{277C689D-B1C1-43EA-B20D-C1155C4B2EA7}.Debug|x64.ActiveCfg = Debug|Any CPU
		{277C689D-B1C1-43EA-B20D-C1155C4B2EA7}.Debug|x86.ActiveCfg = Debug|Any CPU
		{277C689D-B1C1-43EA-B20D-C1155C4B2EA7}.Release|Any CPU.ActiveCfg = Release|Any CPU
		{277C689D-B1C1-43EA-B20D-C1155C4B2EA7}.Release|Any CPU.Build.0 = Release|Any CPU
		{277C689D-B1C1-43EA-B20D-C1155C4B2EA7}.Release|ARM.ActiveCfg = Release|Any CPU
		{277C689D-B1C1-43EA-B20D-C1155C4B2EA7}.Release|x64.ActiveCfg = Release|Any CPU
		{277C689D-B1C1-43EA-B20D-C1155C4B2EA7}.Release|x86.ActiveCfg = Release|Any CPU
		{B8051389-CB47-46FB-B234-9D49506704AA}.Debug|Any CPU.ActiveCfg = Debug|Any CPU
		{B8051389-CB47-46FB-B234-9D49506704AA}.Debug|Any CPU.Build.0 = Debug|Any CPU
		{B8051389-CB47-46FB-B234-9D49506704AA}.Debug|ARM.ActiveCfg = Debug|Any CPU
		{B8051389-CB47-46FB-B234-9D49506704AA}.Debug|x64.ActiveCfg = Debug|Any CPU
		{B8051389-CB47-46FB-B234-9D49506704AA}.Debug|x86.ActiveCfg = Debug|Any CPU
		{B8051389-CB47-46FB-B234-9D49506704AA}.Release|Any CPU.ActiveCfg = Release|Any CPU
		{B8051389-CB47-46FB-B234-9D49506704AA}.Release|Any CPU.Build.0 = Release|Any CPU
		{B8051389-CB47-46FB-B234-9D49506704AA}.Release|ARM.ActiveCfg = Release|Any CPU
		{B8051389-CB47-46FB-B234-9D49506704AA}.Release|x64.ActiveCfg = Release|Any CPU
		{B8051389-CB47-46FB-B234-9D49506704AA}.Release|x86.ActiveCfg = Release|Any CPU
		{906F2125-2AEC-44A3-A95F-CB79C0A745BB}.Debug|Any CPU.ActiveCfg = Debug|Any CPU
		{906F2125-2AEC-44A3-A95F-CB79C0A745BB}.Debug|Any CPU.Build.0 = Debug|Any CPU
		{906F2125-2AEC-44A3-A95F-CB79C0A745BB}.Debug|ARM.ActiveCfg = Debug|Any CPU
		{906F2125-2AEC-44A3-A95F-CB79C0A745BB}.Debug|x64.ActiveCfg = Debug|Any CPU
		{906F2125-2AEC-44A3-A95F-CB79C0A745BB}.Debug|x86.ActiveCfg = Debug|Any CPU
		{906F2125-2AEC-44A3-A95F-CB79C0A745BB}.Release|Any CPU.ActiveCfg = Release|Any CPU
		{906F2125-2AEC-44A3-A95F-CB79C0A745BB}.Release|Any CPU.Build.0 = Release|Any CPU
		{906F2125-2AEC-44A3-A95F-CB79C0A745BB}.Release|ARM.ActiveCfg = Release|Any CPU
		{906F2125-2AEC-44A3-A95F-CB79C0A745BB}.Release|x64.ActiveCfg = Release|Any CPU
		{906F2125-2AEC-44A3-A95F-CB79C0A745BB}.Release|x86.ActiveCfg = Release|Any CPU
		{35888286-1428-4BF3-BB0C-D8BC092D0A5D}.Debug|Any CPU.ActiveCfg = Debug|Any CPU
		{35888286-1428-4BF3-BB0C-D8BC092D0A5D}.Debug|Any CPU.Build.0 = Debug|Any CPU
		{35888286-1428-4BF3-BB0C-D8BC092D0A5D}.Debug|ARM.ActiveCfg = Debug|Any CPU
		{35888286-1428-4BF3-BB0C-D8BC092D0A5D}.Debug|ARM.Build.0 = Debug|Any CPU
		{35888286-1428-4BF3-BB0C-D8BC092D0A5D}.Debug|x64.ActiveCfg = Debug|Any CPU
		{35888286-1428-4BF3-BB0C-D8BC092D0A5D}.Debug|x64.Build.0 = Debug|Any CPU
		{35888286-1428-4BF3-BB0C-D8BC092D0A5D}.Debug|x86.ActiveCfg = Debug|Any CPU
		{35888286-1428-4BF3-BB0C-D8BC092D0A5D}.Debug|x86.Build.0 = Debug|Any CPU
		{35888286-1428-4BF3-BB0C-D8BC092D0A5D}.Release|Any CPU.ActiveCfg = Release|Any CPU
		{35888286-1428-4BF3-BB0C-D8BC092D0A5D}.Release|Any CPU.Build.0 = Release|Any CPU
		{35888286-1428-4BF3-BB0C-D8BC092D0A5D}.Release|ARM.ActiveCfg = Release|Any CPU
		{35888286-1428-4BF3-BB0C-D8BC092D0A5D}.Release|ARM.Build.0 = Release|Any CPU
		{35888286-1428-4BF3-BB0C-D8BC092D0A5D}.Release|x64.ActiveCfg = Release|Any CPU
		{35888286-1428-4BF3-BB0C-D8BC092D0A5D}.Release|x64.Build.0 = Release|Any CPU
		{35888286-1428-4BF3-BB0C-D8BC092D0A5D}.Release|x86.ActiveCfg = Release|Any CPU
		{35888286-1428-4BF3-BB0C-D8BC092D0A5D}.Release|x86.Build.0 = Release|Any CPU
		{8C955148-FA96-4F0D-880D-ABB6770F54E9}.Debug|Any CPU.ActiveCfg = Debug|Any CPU
		{8C955148-FA96-4F0D-880D-ABB6770F54E9}.Debug|Any CPU.Build.0 = Debug|Any CPU
		{8C955148-FA96-4F0D-880D-ABB6770F54E9}.Debug|ARM.ActiveCfg = Debug|Any CPU
		{8C955148-FA96-4F0D-880D-ABB6770F54E9}.Debug|ARM.Build.0 = Debug|Any CPU
		{8C955148-FA96-4F0D-880D-ABB6770F54E9}.Debug|x64.ActiveCfg = Debug|Any CPU
		{8C955148-FA96-4F0D-880D-ABB6770F54E9}.Debug|x64.Build.0 = Debug|Any CPU
		{8C955148-FA96-4F0D-880D-ABB6770F54E9}.Debug|x86.ActiveCfg = Debug|Any CPU
		{8C955148-FA96-4F0D-880D-ABB6770F54E9}.Debug|x86.Build.0 = Debug|Any CPU
		{8C955148-FA96-4F0D-880D-ABB6770F54E9}.Release|Any CPU.ActiveCfg = Release|Any CPU
		{8C955148-FA96-4F0D-880D-ABB6770F54E9}.Release|Any CPU.Build.0 = Release|Any CPU
		{8C955148-FA96-4F0D-880D-ABB6770F54E9}.Release|ARM.ActiveCfg = Release|Any CPU
		{8C955148-FA96-4F0D-880D-ABB6770F54E9}.Release|ARM.Build.0 = Release|Any CPU
		{8C955148-FA96-4F0D-880D-ABB6770F54E9}.Release|x64.ActiveCfg = Release|Any CPU
		{8C955148-FA96-4F0D-880D-ABB6770F54E9}.Release|x64.Build.0 = Release|Any CPU
		{8C955148-FA96-4F0D-880D-ABB6770F54E9}.Release|x86.ActiveCfg = Release|Any CPU
		{8C955148-FA96-4F0D-880D-ABB6770F54E9}.Release|x86.Build.0 = Release|Any CPU
		{D497FA09-E931-4B4E-870A-55EC8E3E35E2}.Debug|Any CPU.ActiveCfg = Debug|Any CPU
		{D497FA09-E931-4B4E-870A-55EC8E3E35E2}.Debug|Any CPU.Build.0 = Debug|Any CPU
		{D497FA09-E931-4B4E-870A-55EC8E3E35E2}.Debug|ARM.ActiveCfg = Debug|Any CPU
		{D497FA09-E931-4B4E-870A-55EC8E3E35E2}.Debug|ARM.Build.0 = Debug|Any CPU
		{D497FA09-E931-4B4E-870A-55EC8E3E35E2}.Debug|x64.ActiveCfg = Debug|Any CPU
		{D497FA09-E931-4B4E-870A-55EC8E3E35E2}.Debug|x64.Build.0 = Debug|Any CPU
		{D497FA09-E931-4B4E-870A-55EC8E3E35E2}.Debug|x86.ActiveCfg = Debug|Any CPU
		{D497FA09-E931-4B4E-870A-55EC8E3E35E2}.Debug|x86.Build.0 = Debug|Any CPU
		{D497FA09-E931-4B4E-870A-55EC8E3E35E2}.Release|Any CPU.ActiveCfg = Release|Any CPU
		{D497FA09-E931-4B4E-870A-55EC8E3E35E2}.Release|Any CPU.Build.0 = Release|Any CPU
		{D497FA09-E931-4B4E-870A-55EC8E3E35E2}.Release|ARM.ActiveCfg = Release|Any CPU
		{D497FA09-E931-4B4E-870A-55EC8E3E35E2}.Release|ARM.Build.0 = Release|Any CPU
		{D497FA09-E931-4B4E-870A-55EC8E3E35E2}.Release|x64.ActiveCfg = Release|Any CPU
		{D497FA09-E931-4B4E-870A-55EC8E3E35E2}.Release|x64.Build.0 = Release|Any CPU
		{D497FA09-E931-4B4E-870A-55EC8E3E35E2}.Release|x86.ActiveCfg = Release|Any CPU
		{D497FA09-E931-4B4E-870A-55EC8E3E35E2}.Release|x86.Build.0 = Release|Any CPU
		{E87F3347-5604-42DD-915B-173BDE2AAAF3}.Debug|Any CPU.ActiveCfg = Debug|Any CPU
		{E87F3347-5604-42DD-915B-173BDE2AAAF3}.Debug|Any CPU.Build.0 = Debug|Any CPU
		{E87F3347-5604-42DD-915B-173BDE2AAAF3}.Debug|ARM.ActiveCfg = Debug|Any CPU
		{E87F3347-5604-42DD-915B-173BDE2AAAF3}.Debug|ARM.Build.0 = Debug|Any CPU
		{E87F3347-5604-42DD-915B-173BDE2AAAF3}.Debug|x64.ActiveCfg = Debug|Any CPU
		{E87F3347-5604-42DD-915B-173BDE2AAAF3}.Debug|x64.Build.0 = Debug|Any CPU
		{E87F3347-5604-42DD-915B-173BDE2AAAF3}.Debug|x86.ActiveCfg = Debug|Any CPU
		{E87F3347-5604-42DD-915B-173BDE2AAAF3}.Debug|x86.Build.0 = Debug|Any CPU
		{E87F3347-5604-42DD-915B-173BDE2AAAF3}.Release|Any CPU.ActiveCfg = Release|Any CPU
		{E87F3347-5604-42DD-915B-173BDE2AAAF3}.Release|Any CPU.Build.0 = Release|Any CPU
		{E87F3347-5604-42DD-915B-173BDE2AAAF3}.Release|ARM.ActiveCfg = Release|Any CPU
		{E87F3347-5604-42DD-915B-173BDE2AAAF3}.Release|ARM.Build.0 = Release|Any CPU
		{E87F3347-5604-42DD-915B-173BDE2AAAF3}.Release|x64.ActiveCfg = Release|Any CPU
		{E87F3347-5604-42DD-915B-173BDE2AAAF3}.Release|x64.Build.0 = Release|Any CPU
		{E87F3347-5604-42DD-915B-173BDE2AAAF3}.Release|x86.ActiveCfg = Release|Any CPU
		{E87F3347-5604-42DD-915B-173BDE2AAAF3}.Release|x86.Build.0 = Release|Any CPU
	EndGlobalSection
	GlobalSection(SolutionProperties) = preSolution
		HideSolutionNode = FALSE
	EndGlobalSection
	GlobalSection(NestedProjects) = preSolution
		{002075C5-6517-4794-BC99-9B17B9E884E7} = {1BCC7A00-6382-4891-936A-F164614D26A4}
		{277C689D-B1C1-43EA-B20D-C1155C4B2EA7} = {B84E9CD3-2DDB-47FA-84BE-732EBF2F46CD}
		{B8051389-CB47-46FB-B234-9D49506704AA} = {1BCC7A00-6382-4891-936A-F164614D26A4}
		{906F2125-2AEC-44A3-A95F-CB79C0A745BB} = {1BCC7A00-6382-4891-936A-F164614D26A4}
		{35888286-1428-4BF3-BB0C-D8BC092D0A5D} = {C1930F52-C66E-4E56-B7DB-FD42E497FFF0}
		{8C955148-FA96-4F0D-880D-ABB6770F54E9} = {C1930F52-C66E-4E56-B7DB-FD42E497FFF0}
		{D497FA09-E931-4B4E-870A-55EC8E3E35E2} = {B84E9CD3-2DDB-47FA-84BE-732EBF2F46CD}
		{E87F3347-5604-42DD-915B-173BDE2AAAF3} = {B84E9CD3-2DDB-47FA-84BE-732EBF2F46CD}
	EndGlobalSection
EndGlobal
