Microsoft Visual Studio Solution File, Format Version 12.00
# Visual Studio 14
VisualStudioVersion = 14.0.23107.0
MinimumVisualStudioVersion = 10.0.40219.1
Project("{2150E333-8FDC-42A3-9474-1A3956D46DE8}") = "Solution Items", "Solution Items", "{0691ABF2-B3C7-43BF-9862-2D8D1299CE58}"
	ProjectSection(SolutionItems) = preProject
		AutoMapper.targets = AutoMapper.targets
		..\default.ps1 = ..\default.ps1
		..\global.json = ..\global.json
		..\psake.bat = ..\psake.bat
		..\README.md = ..\README.md
	EndProjectSection
EndProject
Project("{FAE04EC0-301F-11D3-BF4B-00C04F79EFBC}") = "UnitTests.Net4", "UnitTests\UnitTests.Net4.csproj", "{002075C5-6517-4794-BC99-9B17B9E884E7}"
EndProject
Project("{FAE04EC0-301F-11D3-BF4B-00C04F79EFBC}") = "AutoMapperSamples", "AutoMapperSamples\AutoMapperSamples.csproj", "{277C689D-B1C1-43EA-B20D-C1155C4B2EA7}"
EndProject
Project("{FAE04EC0-301F-11D3-BF4B-00C04F79EFBC}") = "Benchmark", "Benchmark\Benchmark.csproj", "{B8051389-CB47-46FB-B234-9D49506704AA}"
EndProject
Project("{2150E333-8FDC-42A3-9474-1A3956D46DE8}") = "Core", "Core", "{C1930F52-C66E-4E56-B7DB-FD42E497FFF0}"
EndProject
Project("{2150E333-8FDC-42A3-9474-1A3956D46DE8}") = "Tests", "Tests", "{1BCC7A00-6382-4891-936A-F164614D26A4}"
EndProject
Project("{2150E333-8FDC-42A3-9474-1A3956D46DE8}") = "Samples", "Samples", "{B84E9CD3-2DDB-47FA-84BE-732EBF2F46CD}"
EndProject
Project("{FAE04EC0-301F-11D3-BF4B-00C04F79EFBC}") = "UnitTests.WinRT", "UnitTests\UnitTests.WinRT.csproj", "{19CF22A3-AA57-458B-9D72-1D8AD069F428}"
EndProject
Project("{FAE04EC0-301F-11D3-BF4B-00C04F79EFBC}") = "UnitTests.WP8", "UnitTests\UnitTests.WP8.csproj", "{70D99BDC-6B9E-49AD-96FD-AEC193D27B55}"
EndProject
Project("{FAE04EC0-301F-11D3-BF4B-00C04F79EFBC}") = "IntegrationTests.Net4", "IntegrationTests.Net4\IntegrationTests.Net4.csproj", "{906F2125-2AEC-44A3-A95F-CB79C0A745BB}"
EndProject
Project("{2150E333-8FDC-42A3-9474-1A3956D46DE8}") = ".nuget", ".nuget", "{1A726C5A-1BDC-4275-95EB-1FAFCCCB4F20}"
	ProjectSection(SolutionItems) = preProject
		.nuget\NuGet.Config = .nuget\NuGet.Config
		.nuget\NuGet.exe = .nuget\NuGet.exe
	EndProjectSection
EndProject
Project("{8BB2217D-0F2D-49D1-97BC-3654ED321F3B}") = "AutoMapper", "AutoMapper\AutoMapper.xproj", "{35888286-1428-4BF3-BB0C-D8BC092D0A5D}"
EndProject
Project("{FAE04EC0-301F-11D3-BF4B-00C04F79EFBC}") = "AutoMapper.iOS", "AutoMapper.iOS\AutoMapper.iOS.csproj", "{693983C2-F4DE-44CB-A1D3-2AB00DF159DE}"
EndProject
Project("{FAE04EC0-301F-11D3-BF4B-00C04F79EFBC}") = "AutoMapper.iOS10", "AutoMapper.iOS10\AutoMapper.iOS10.csproj", "{D4CBC84B-1A59-4DB5-BEB9-225F54C0442F}"
EndProject
Project("{FAE04EC0-301F-11D3-BF4B-00C04F79EFBC}") = "AutoMapper.Net4", "AutoMapper.Net4\AutoMapper.Net4.csproj", "{8C955148-FA96-4F0D-880D-ABB6770F54E9}"
EndProject
Project("{FAE04EC0-301F-11D3-BF4B-00C04F79EFBC}") = "AutoMapper.WinRT", "AutoMapper.WinRT\AutoMapper.WinRT.csproj", "{B80D950D-CC8D-4287-96B1-EEA037825E90}"
EndProject
Project("{FAE04EC0-301F-11D3-BF4B-00C04F79EFBC}") = "AutoMapper.WP8", "AutoMapper.WP8\AutoMapper.WP8.csproj", "{B95F2EB2-519E-4BAB-B6B3-6DBBEA7879A6}"
EndProject
Project("{FAE04EC0-301F-11D3-BF4B-00C04F79EFBC}") = "AutoMapper.Android", "AutoMapper.Android\AutoMapper.Android.csproj", "{DFE156BE-4D3D-4A6A-9E23-747DFD46920D}"
EndProject
Project("{FAE04EC0-301F-11D3-BF4B-00C04F79EFBC}") = "AutoMapper.SL5", "AutoMapper.SL5\AutoMapper.SL5.csproj", "{A46863C7-1DEC-4037-9FC2-C353021F2490}"
EndProject
Project("{FAE04EC0-301F-11D3-BF4B-00C04F79EFBC}") = "UnitTests.SL5", "UnitTests\UnitTests.SL5.csproj", "{BACACF2C-237F-4A48-A891-32B258207095}"
EndProject
Global
	GlobalSection(SolutionConfigurationPlatforms) = preSolution
		Debug|Any CPU = Debug|Any CPU
		Debug|ARM = Debug|ARM
		Debug|x64 = Debug|x64
		Debug|x86 = Debug|x86
		Release|Any CPU = Release|Any CPU
		Release|ARM = Release|ARM
		Release|x64 = Release|x64
		Release|x86 = Release|x86
		ReleaseWin8|Any CPU = ReleaseWin8|Any CPU
		ReleaseWin8|ARM = ReleaseWin8|ARM
		ReleaseWin8|x64 = ReleaseWin8|x64
		ReleaseWin8|x86 = ReleaseWin8|x86
	EndGlobalSection
	GlobalSection(ProjectConfigurationPlatforms) = postSolution
		{002075C5-6517-4794-BC99-9B17B9E884E7}.Debug|Any CPU.ActiveCfg = Debug|Any CPU
		{002075C5-6517-4794-BC99-9B17B9E884E7}.Debug|Any CPU.Build.0 = Debug|Any CPU
		{002075C5-6517-4794-BC99-9B17B9E884E7}.Debug|ARM.ActiveCfg = Debug|Any CPU
		{002075C5-6517-4794-BC99-9B17B9E884E7}.Debug|x64.ActiveCfg = Debug|Any CPU
		{002075C5-6517-4794-BC99-9B17B9E884E7}.Debug|x86.ActiveCfg = Debug|Any CPU
		{002075C5-6517-4794-BC99-9B17B9E884E7}.Release|Any CPU.ActiveCfg = Release|Any CPU
		{002075C5-6517-4794-BC99-9B17B9E884E7}.Release|Any CPU.Build.0 = Release|Any CPU
		{002075C5-6517-4794-BC99-9B17B9E884E7}.Release|ARM.ActiveCfg = Release|Any CPU
		{002075C5-6517-4794-BC99-9B17B9E884E7}.Release|x64.ActiveCfg = Release|Any CPU
		{002075C5-6517-4794-BC99-9B17B9E884E7}.Release|x86.ActiveCfg = Release|Any CPU
		{002075C5-6517-4794-BC99-9B17B9E884E7}.ReleaseWin8|Any CPU.ActiveCfg = Release|Any CPU
		{002075C5-6517-4794-BC99-9B17B9E884E7}.ReleaseWin8|ARM.ActiveCfg = Release|Any CPU
		{002075C5-6517-4794-BC99-9B17B9E884E7}.ReleaseWin8|x64.ActiveCfg = Release|Any CPU
		{002075C5-6517-4794-BC99-9B17B9E884E7}.ReleaseWin8|x86.ActiveCfg = Release|Any CPU
		{277C689D-B1C1-43EA-B20D-C1155C4B2EA7}.Debug|Any CPU.ActiveCfg = Debug|Any CPU
		{277C689D-B1C1-43EA-B20D-C1155C4B2EA7}.Debug|Any CPU.Build.0 = Debug|Any CPU
		{277C689D-B1C1-43EA-B20D-C1155C4B2EA7}.Debug|ARM.ActiveCfg = Debug|Any CPU
		{277C689D-B1C1-43EA-B20D-C1155C4B2EA7}.Debug|x64.ActiveCfg = Debug|Any CPU
		{277C689D-B1C1-43EA-B20D-C1155C4B2EA7}.Debug|x86.ActiveCfg = Debug|Any CPU
		{277C689D-B1C1-43EA-B20D-C1155C4B2EA7}.Release|Any CPU.ActiveCfg = Release|Any CPU
		{277C689D-B1C1-43EA-B20D-C1155C4B2EA7}.Release|ARM.ActiveCfg = Release|Any CPU
		{277C689D-B1C1-43EA-B20D-C1155C4B2EA7}.Release|x64.ActiveCfg = Release|Any CPU
		{277C689D-B1C1-43EA-B20D-C1155C4B2EA7}.Release|x86.ActiveCfg = Release|Any CPU
		{277C689D-B1C1-43EA-B20D-C1155C4B2EA7}.ReleaseWin8|Any CPU.ActiveCfg = Release|Any CPU
		{277C689D-B1C1-43EA-B20D-C1155C4B2EA7}.ReleaseWin8|ARM.ActiveCfg = Release|Any CPU
		{277C689D-B1C1-43EA-B20D-C1155C4B2EA7}.ReleaseWin8|x64.ActiveCfg = Release|Any CPU
		{277C689D-B1C1-43EA-B20D-C1155C4B2EA7}.ReleaseWin8|x86.ActiveCfg = Release|Any CPU
		{B8051389-CB47-46FB-B234-9D49506704AA}.Debug|Any CPU.ActiveCfg = Debug|Any CPU
		{B8051389-CB47-46FB-B234-9D49506704AA}.Debug|Any CPU.Build.0 = Debug|Any CPU
		{B8051389-CB47-46FB-B234-9D49506704AA}.Debug|ARM.ActiveCfg = Debug|Any CPU
		{B8051389-CB47-46FB-B234-9D49506704AA}.Debug|x64.ActiveCfg = Debug|Any CPU
		{B8051389-CB47-46FB-B234-9D49506704AA}.Debug|x86.ActiveCfg = Debug|Any CPU
		{B8051389-CB47-46FB-B234-9D49506704AA}.Release|Any CPU.ActiveCfg = Release|Any CPU
		{B8051389-CB47-46FB-B234-9D49506704AA}.Release|ARM.ActiveCfg = Release|Any CPU
		{B8051389-CB47-46FB-B234-9D49506704AA}.Release|x64.ActiveCfg = Release|Any CPU
		{B8051389-CB47-46FB-B234-9D49506704AA}.Release|x86.ActiveCfg = Release|Any CPU
		{B8051389-CB47-46FB-B234-9D49506704AA}.ReleaseWin8|Any CPU.ActiveCfg = Release|Any CPU
		{B8051389-CB47-46FB-B234-9D49506704AA}.ReleaseWin8|ARM.ActiveCfg = Release|Any CPU
		{B8051389-CB47-46FB-B234-9D49506704AA}.ReleaseWin8|x64.ActiveCfg = Release|Any CPU
		{B8051389-CB47-46FB-B234-9D49506704AA}.ReleaseWin8|x86.ActiveCfg = Release|Any CPU
		{19CF22A3-AA57-458B-9D72-1D8AD069F428}.Debug|Any CPU.ActiveCfg = Debug|Any CPU
		{19CF22A3-AA57-458B-9D72-1D8AD069F428}.Debug|Any CPU.Build.0 = Debug|Any CPU
		{19CF22A3-AA57-458B-9D72-1D8AD069F428}.Debug|Any CPU.Deploy.0 = Debug|Any CPU
		{19CF22A3-AA57-458B-9D72-1D8AD069F428}.Debug|ARM.ActiveCfg = Debug|ARM
		{19CF22A3-AA57-458B-9D72-1D8AD069F428}.Debug|ARM.Build.0 = Debug|ARM
		{19CF22A3-AA57-458B-9D72-1D8AD069F428}.Debug|ARM.Deploy.0 = Debug|ARM
		{19CF22A3-AA57-458B-9D72-1D8AD069F428}.Debug|x64.ActiveCfg = Debug|x64
		{19CF22A3-AA57-458B-9D72-1D8AD069F428}.Debug|x64.Build.0 = Debug|x64
		{19CF22A3-AA57-458B-9D72-1D8AD069F428}.Debug|x64.Deploy.0 = Debug|x64
		{19CF22A3-AA57-458B-9D72-1D8AD069F428}.Debug|x86.ActiveCfg = Debug|x86
		{19CF22A3-AA57-458B-9D72-1D8AD069F428}.Debug|x86.Build.0 = Debug|x86
		{19CF22A3-AA57-458B-9D72-1D8AD069F428}.Debug|x86.Deploy.0 = Debug|x86
		{19CF22A3-AA57-458B-9D72-1D8AD069F428}.Release|Any CPU.ActiveCfg = Release|Any CPU
		{19CF22A3-AA57-458B-9D72-1D8AD069F428}.Release|Any CPU.Build.0 = Release|Any CPU
		{19CF22A3-AA57-458B-9D72-1D8AD069F428}.Release|ARM.ActiveCfg = Release|ARM
		{19CF22A3-AA57-458B-9D72-1D8AD069F428}.Release|ARM.Build.0 = Release|ARM
		{19CF22A3-AA57-458B-9D72-1D8AD069F428}.Release|ARM.Deploy.0 = Release|ARM
		{19CF22A3-AA57-458B-9D72-1D8AD069F428}.Release|x64.ActiveCfg = Release|x64
		{19CF22A3-AA57-458B-9D72-1D8AD069F428}.Release|x64.Build.0 = Release|x64
		{19CF22A3-AA57-458B-9D72-1D8AD069F428}.Release|x64.Deploy.0 = Release|x64
		{19CF22A3-AA57-458B-9D72-1D8AD069F428}.Release|x86.ActiveCfg = Release|x86
		{19CF22A3-AA57-458B-9D72-1D8AD069F428}.Release|x86.Build.0 = Release|x86
		{19CF22A3-AA57-458B-9D72-1D8AD069F428}.Release|x86.Deploy.0 = Release|x86
		{19CF22A3-AA57-458B-9D72-1D8AD069F428}.ReleaseWin8|Any CPU.ActiveCfg = Release|Any CPU
		{19CF22A3-AA57-458B-9D72-1D8AD069F428}.ReleaseWin8|ARM.ActiveCfg = Release|ARM
		{19CF22A3-AA57-458B-9D72-1D8AD069F428}.ReleaseWin8|ARM.Build.0 = Release|ARM
		{19CF22A3-AA57-458B-9D72-1D8AD069F428}.ReleaseWin8|ARM.Deploy.0 = Release|ARM
		{19CF22A3-AA57-458B-9D72-1D8AD069F428}.ReleaseWin8|x64.ActiveCfg = Release|x64
		{19CF22A3-AA57-458B-9D72-1D8AD069F428}.ReleaseWin8|x64.Build.0 = Release|x64
		{19CF22A3-AA57-458B-9D72-1D8AD069F428}.ReleaseWin8|x64.Deploy.0 = Release|x64
		{19CF22A3-AA57-458B-9D72-1D8AD069F428}.ReleaseWin8|x86.ActiveCfg = Release|x86
		{19CF22A3-AA57-458B-9D72-1D8AD069F428}.ReleaseWin8|x86.Build.0 = Release|x86
		{19CF22A3-AA57-458B-9D72-1D8AD069F428}.ReleaseWin8|x86.Deploy.0 = Release|x86
		{70D99BDC-6B9E-49AD-96FD-AEC193D27B55}.Debug|Any CPU.ActiveCfg = Debug|Any CPU
		{70D99BDC-6B9E-49AD-96FD-AEC193D27B55}.Debug|Any CPU.Build.0 = Debug|Any CPU
		{70D99BDC-6B9E-49AD-96FD-AEC193D27B55}.Debug|ARM.ActiveCfg = Debug|Any CPU
		{70D99BDC-6B9E-49AD-96FD-AEC193D27B55}.Debug|x64.ActiveCfg = Debug|Any CPU
		{70D99BDC-6B9E-49AD-96FD-AEC193D27B55}.Debug|x86.ActiveCfg = Debug|Any CPU
		{70D99BDC-6B9E-49AD-96FD-AEC193D27B55}.Release|Any CPU.ActiveCfg = Release|Any CPU
		{70D99BDC-6B9E-49AD-96FD-AEC193D27B55}.Release|Any CPU.Build.0 = Release|Any CPU
		{70D99BDC-6B9E-49AD-96FD-AEC193D27B55}.Release|ARM.ActiveCfg = Release|Any CPU
		{70D99BDC-6B9E-49AD-96FD-AEC193D27B55}.Release|x64.ActiveCfg = Release|Any CPU
		{70D99BDC-6B9E-49AD-96FD-AEC193D27B55}.Release|x86.ActiveCfg = Release|Any CPU
		{70D99BDC-6B9E-49AD-96FD-AEC193D27B55}.ReleaseWin8|Any CPU.ActiveCfg = Release|Any CPU
		{70D99BDC-6B9E-49AD-96FD-AEC193D27B55}.ReleaseWin8|ARM.ActiveCfg = Release|ARM
		{70D99BDC-6B9E-49AD-96FD-AEC193D27B55}.ReleaseWin8|ARM.Build.0 = Release|ARM
		{70D99BDC-6B9E-49AD-96FD-AEC193D27B55}.ReleaseWin8|x64.ActiveCfg = Release|Any CPU
		{70D99BDC-6B9E-49AD-96FD-AEC193D27B55}.ReleaseWin8|x86.ActiveCfg = Release|x86
		{70D99BDC-6B9E-49AD-96FD-AEC193D27B55}.ReleaseWin8|x86.Build.0 = Release|x86
		{906F2125-2AEC-44A3-A95F-CB79C0A745BB}.Debug|Any CPU.ActiveCfg = Debug|Any CPU
		{906F2125-2AEC-44A3-A95F-CB79C0A745BB}.Debug|Any CPU.Build.0 = Debug|Any CPU
		{906F2125-2AEC-44A3-A95F-CB79C0A745BB}.Debug|ARM.ActiveCfg = Debug|Any CPU
		{906F2125-2AEC-44A3-A95F-CB79C0A745BB}.Debug|x64.ActiveCfg = Debug|Any CPU
		{906F2125-2AEC-44A3-A95F-CB79C0A745BB}.Debug|x86.ActiveCfg = Debug|Any CPU
		{906F2125-2AEC-44A3-A95F-CB79C0A745BB}.Release|Any CPU.ActiveCfg = Release|Any CPU
		{906F2125-2AEC-44A3-A95F-CB79C0A745BB}.Release|Any CPU.Build.0 = Release|Any CPU
		{906F2125-2AEC-44A3-A95F-CB79C0A745BB}.Release|ARM.ActiveCfg = Release|Any CPU
		{906F2125-2AEC-44A3-A95F-CB79C0A745BB}.Release|x64.ActiveCfg = Release|Any CPU
		{906F2125-2AEC-44A3-A95F-CB79C0A745BB}.Release|x86.ActiveCfg = Release|Any CPU
		{906F2125-2AEC-44A3-A95F-CB79C0A745BB}.ReleaseWin8|Any CPU.ActiveCfg = Release|Any CPU
		{906F2125-2AEC-44A3-A95F-CB79C0A745BB}.ReleaseWin8|ARM.ActiveCfg = Release|Any CPU
		{906F2125-2AEC-44A3-A95F-CB79C0A745BB}.ReleaseWin8|x64.ActiveCfg = Release|Any CPU
		{906F2125-2AEC-44A3-A95F-CB79C0A745BB}.ReleaseWin8|x86.ActiveCfg = Release|Any CPU
		{35888286-1428-4BF3-BB0C-D8BC092D0A5D}.Debug|Any CPU.ActiveCfg = Debug|Any CPU
		{35888286-1428-4BF3-BB0C-D8BC092D0A5D}.Debug|Any CPU.Build.0 = Debug|Any CPU
		{35888286-1428-4BF3-BB0C-D8BC092D0A5D}.Debug|ARM.ActiveCfg = Debug|Any CPU
		{35888286-1428-4BF3-BB0C-D8BC092D0A5D}.Debug|ARM.Build.0 = Debug|Any CPU
		{35888286-1428-4BF3-BB0C-D8BC092D0A5D}.Debug|x64.ActiveCfg = Debug|Any CPU
		{35888286-1428-4BF3-BB0C-D8BC092D0A5D}.Debug|x64.Build.0 = Debug|Any CPU
		{35888286-1428-4BF3-BB0C-D8BC092D0A5D}.Debug|x86.ActiveCfg = Debug|Any CPU
		{35888286-1428-4BF3-BB0C-D8BC092D0A5D}.Debug|x86.Build.0 = Debug|Any CPU
		{35888286-1428-4BF3-BB0C-D8BC092D0A5D}.Release|Any CPU.ActiveCfg = Release|Any CPU
		{35888286-1428-4BF3-BB0C-D8BC092D0A5D}.Release|Any CPU.Build.0 = Release|Any CPU
		{35888286-1428-4BF3-BB0C-D8BC092D0A5D}.Release|ARM.ActiveCfg = Release|Any CPU
		{35888286-1428-4BF3-BB0C-D8BC092D0A5D}.Release|ARM.Build.0 = Release|Any CPU
		{35888286-1428-4BF3-BB0C-D8BC092D0A5D}.Release|x64.ActiveCfg = Release|Any CPU
		{35888286-1428-4BF3-BB0C-D8BC092D0A5D}.Release|x64.Build.0 = Release|Any CPU
		{35888286-1428-4BF3-BB0C-D8BC092D0A5D}.Release|x86.ActiveCfg = Release|Any CPU
		{35888286-1428-4BF3-BB0C-D8BC092D0A5D}.Release|x86.Build.0 = Release|Any CPU
		{35888286-1428-4BF3-BB0C-D8BC092D0A5D}.ReleaseWin8|Any CPU.ActiveCfg = Release|Any CPU
		{35888286-1428-4BF3-BB0C-D8BC092D0A5D}.ReleaseWin8|Any CPU.Build.0 = Release|Any CPU
		{35888286-1428-4BF3-BB0C-D8BC092D0A5D}.ReleaseWin8|ARM.ActiveCfg = Release|Any CPU
		{35888286-1428-4BF3-BB0C-D8BC092D0A5D}.ReleaseWin8|ARM.Build.0 = Release|Any CPU
		{35888286-1428-4BF3-BB0C-D8BC092D0A5D}.ReleaseWin8|x64.ActiveCfg = Release|Any CPU
		{35888286-1428-4BF3-BB0C-D8BC092D0A5D}.ReleaseWin8|x64.Build.0 = Release|Any CPU
		{35888286-1428-4BF3-BB0C-D8BC092D0A5D}.ReleaseWin8|x86.ActiveCfg = Release|Any CPU
		{35888286-1428-4BF3-BB0C-D8BC092D0A5D}.ReleaseWin8|x86.Build.0 = Release|Any CPU
		{693983C2-F4DE-44CB-A1D3-2AB00DF159DE}.Debug|Any CPU.ActiveCfg = Debug|Any CPU
		{693983C2-F4DE-44CB-A1D3-2AB00DF159DE}.Debug|Any CPU.Build.0 = Debug|Any CPU
		{693983C2-F4DE-44CB-A1D3-2AB00DF159DE}.Debug|ARM.ActiveCfg = Debug|Any CPU
		{693983C2-F4DE-44CB-A1D3-2AB00DF159DE}.Debug|ARM.Build.0 = Debug|Any CPU
		{693983C2-F4DE-44CB-A1D3-2AB00DF159DE}.Debug|x64.ActiveCfg = Debug|Any CPU
		{693983C2-F4DE-44CB-A1D3-2AB00DF159DE}.Debug|x64.Build.0 = Debug|Any CPU
		{693983C2-F4DE-44CB-A1D3-2AB00DF159DE}.Debug|x86.ActiveCfg = Debug|Any CPU
		{693983C2-F4DE-44CB-A1D3-2AB00DF159DE}.Debug|x86.Build.0 = Debug|Any CPU
		{693983C2-F4DE-44CB-A1D3-2AB00DF159DE}.Release|Any CPU.ActiveCfg = Release|Any CPU
		{693983C2-F4DE-44CB-A1D3-2AB00DF159DE}.Release|Any CPU.Build.0 = Release|Any CPU
		{693983C2-F4DE-44CB-A1D3-2AB00DF159DE}.Release|ARM.ActiveCfg = Release|Any CPU
		{693983C2-F4DE-44CB-A1D3-2AB00DF159DE}.Release|ARM.Build.0 = Release|Any CPU
		{693983C2-F4DE-44CB-A1D3-2AB00DF159DE}.Release|x64.ActiveCfg = Release|Any CPU
		{693983C2-F4DE-44CB-A1D3-2AB00DF159DE}.Release|x64.Build.0 = Release|Any CPU
		{693983C2-F4DE-44CB-A1D3-2AB00DF159DE}.Release|x86.ActiveCfg = Release|Any CPU
		{693983C2-F4DE-44CB-A1D3-2AB00DF159DE}.Release|x86.Build.0 = Release|Any CPU
		{693983C2-F4DE-44CB-A1D3-2AB00DF159DE}.ReleaseWin8|Any CPU.ActiveCfg = Release|Any CPU
		{693983C2-F4DE-44CB-A1D3-2AB00DF159DE}.ReleaseWin8|Any CPU.Build.0 = Release|Any CPU
		{693983C2-F4DE-44CB-A1D3-2AB00DF159DE}.ReleaseWin8|ARM.ActiveCfg = Release|Any CPU
		{693983C2-F4DE-44CB-A1D3-2AB00DF159DE}.ReleaseWin8|ARM.Build.0 = Release|Any CPU
		{693983C2-F4DE-44CB-A1D3-2AB00DF159DE}.ReleaseWin8|x64.ActiveCfg = Release|Any CPU
		{693983C2-F4DE-44CB-A1D3-2AB00DF159DE}.ReleaseWin8|x64.Build.0 = Release|Any CPU
		{693983C2-F4DE-44CB-A1D3-2AB00DF159DE}.ReleaseWin8|x86.ActiveCfg = Release|Any CPU
		{693983C2-F4DE-44CB-A1D3-2AB00DF159DE}.ReleaseWin8|x86.Build.0 = Release|Any CPU
		{D4CBC84B-1A59-4DB5-BEB9-225F54C0442F}.Debug|Any CPU.ActiveCfg = Debug|Any CPU
		{D4CBC84B-1A59-4DB5-BEB9-225F54C0442F}.Debug|Any CPU.Build.0 = Debug|Any CPU
		{D4CBC84B-1A59-4DB5-BEB9-225F54C0442F}.Debug|ARM.ActiveCfg = Debug|Any CPU
		{D4CBC84B-1A59-4DB5-BEB9-225F54C0442F}.Debug|ARM.Build.0 = Debug|Any CPU
		{D4CBC84B-1A59-4DB5-BEB9-225F54C0442F}.Debug|x64.ActiveCfg = Debug|Any CPU
		{D4CBC84B-1A59-4DB5-BEB9-225F54C0442F}.Debug|x64.Build.0 = Debug|Any CPU
		{D4CBC84B-1A59-4DB5-BEB9-225F54C0442F}.Debug|x86.ActiveCfg = Debug|Any CPU
		{D4CBC84B-1A59-4DB5-BEB9-225F54C0442F}.Debug|x86.Build.0 = Debug|Any CPU
		{D4CBC84B-1A59-4DB5-BEB9-225F54C0442F}.Release|Any CPU.ActiveCfg = Release|Any CPU
		{D4CBC84B-1A59-4DB5-BEB9-225F54C0442F}.Release|Any CPU.Build.0 = Release|Any CPU
		{D4CBC84B-1A59-4DB5-BEB9-225F54C0442F}.Release|ARM.ActiveCfg = Release|Any CPU
		{D4CBC84B-1A59-4DB5-BEB9-225F54C0442F}.Release|ARM.Build.0 = Release|Any CPU
		{D4CBC84B-1A59-4DB5-BEB9-225F54C0442F}.Release|x64.ActiveCfg = Release|Any CPU
		{D4CBC84B-1A59-4DB5-BEB9-225F54C0442F}.Release|x64.Build.0 = Release|Any CPU
		{D4CBC84B-1A59-4DB5-BEB9-225F54C0442F}.Release|x86.ActiveCfg = Release|Any CPU
		{D4CBC84B-1A59-4DB5-BEB9-225F54C0442F}.Release|x86.Build.0 = Release|Any CPU
		{D4CBC84B-1A59-4DB5-BEB9-225F54C0442F}.ReleaseWin8|Any CPU.ActiveCfg = Release|Any CPU
		{D4CBC84B-1A59-4DB5-BEB9-225F54C0442F}.ReleaseWin8|Any CPU.Build.0 = Release|Any CPU
		{D4CBC84B-1A59-4DB5-BEB9-225F54C0442F}.ReleaseWin8|ARM.ActiveCfg = Release|Any CPU
		{D4CBC84B-1A59-4DB5-BEB9-225F54C0442F}.ReleaseWin8|ARM.Build.0 = Release|Any CPU
		{D4CBC84B-1A59-4DB5-BEB9-225F54C0442F}.ReleaseWin8|x64.ActiveCfg = Release|Any CPU
		{D4CBC84B-1A59-4DB5-BEB9-225F54C0442F}.ReleaseWin8|x64.Build.0 = Release|Any CPU
		{D4CBC84B-1A59-4DB5-BEB9-225F54C0442F}.ReleaseWin8|x86.ActiveCfg = Release|Any CPU
		{D4CBC84B-1A59-4DB5-BEB9-225F54C0442F}.ReleaseWin8|x86.Build.0 = Release|Any CPU
		{8C955148-FA96-4F0D-880D-ABB6770F54E9}.Debug|Any CPU.ActiveCfg = Debug|Any CPU
		{8C955148-FA96-4F0D-880D-ABB6770F54E9}.Debug|Any CPU.Build.0 = Debug|Any CPU
		{8C955148-FA96-4F0D-880D-ABB6770F54E9}.Debug|ARM.ActiveCfg = Debug|Any CPU
		{8C955148-FA96-4F0D-880D-ABB6770F54E9}.Debug|ARM.Build.0 = Debug|Any CPU
		{8C955148-FA96-4F0D-880D-ABB6770F54E9}.Debug|x64.ActiveCfg = Debug|Any CPU
		{8C955148-FA96-4F0D-880D-ABB6770F54E9}.Debug|x64.Build.0 = Debug|Any CPU
		{8C955148-FA96-4F0D-880D-ABB6770F54E9}.Debug|x86.ActiveCfg = Debug|Any CPU
		{8C955148-FA96-4F0D-880D-ABB6770F54E9}.Debug|x86.Build.0 = Debug|Any CPU
		{8C955148-FA96-4F0D-880D-ABB6770F54E9}.Release|Any CPU.ActiveCfg = Release|Any CPU
		{8C955148-FA96-4F0D-880D-ABB6770F54E9}.Release|Any CPU.Build.0 = Release|Any CPU
		{8C955148-FA96-4F0D-880D-ABB6770F54E9}.Release|ARM.ActiveCfg = Release|Any CPU
		{8C955148-FA96-4F0D-880D-ABB6770F54E9}.Release|ARM.Build.0 = Release|Any CPU
		{8C955148-FA96-4F0D-880D-ABB6770F54E9}.Release|x64.ActiveCfg = Release|Any CPU
		{8C955148-FA96-4F0D-880D-ABB6770F54E9}.Release|x64.Build.0 = Release|Any CPU
		{8C955148-FA96-4F0D-880D-ABB6770F54E9}.Release|x86.ActiveCfg = Release|Any CPU
		{8C955148-FA96-4F0D-880D-ABB6770F54E9}.Release|x86.Build.0 = Release|Any CPU
		{8C955148-FA96-4F0D-880D-ABB6770F54E9}.ReleaseWin8|Any CPU.ActiveCfg = Release|Any CPU
		{8C955148-FA96-4F0D-880D-ABB6770F54E9}.ReleaseWin8|Any CPU.Build.0 = Release|Any CPU
		{8C955148-FA96-4F0D-880D-ABB6770F54E9}.ReleaseWin8|ARM.ActiveCfg = Release|Any CPU
		{8C955148-FA96-4F0D-880D-ABB6770F54E9}.ReleaseWin8|ARM.Build.0 = Release|Any CPU
		{8C955148-FA96-4F0D-880D-ABB6770F54E9}.ReleaseWin8|x64.ActiveCfg = Release|Any CPU
		{8C955148-FA96-4F0D-880D-ABB6770F54E9}.ReleaseWin8|x64.Build.0 = Release|Any CPU
		{8C955148-FA96-4F0D-880D-ABB6770F54E9}.ReleaseWin8|x86.ActiveCfg = Release|Any CPU
		{8C955148-FA96-4F0D-880D-ABB6770F54E9}.ReleaseWin8|x86.Build.0 = Release|Any CPU
		{B80D950D-CC8D-4287-96B1-EEA037825E90}.Debug|Any CPU.ActiveCfg = Debug|Any CPU
		{B80D950D-CC8D-4287-96B1-EEA037825E90}.Debug|Any CPU.Build.0 = Debug|Any CPU
		{B80D950D-CC8D-4287-96B1-EEA037825E90}.Debug|ARM.ActiveCfg = Debug|Any CPU
		{B80D950D-CC8D-4287-96B1-EEA037825E90}.Debug|ARM.Build.0 = Debug|Any CPU
		{B80D950D-CC8D-4287-96B1-EEA037825E90}.Debug|x64.ActiveCfg = Debug|Any CPU
		{B80D950D-CC8D-4287-96B1-EEA037825E90}.Debug|x64.Build.0 = Debug|Any CPU
		{B80D950D-CC8D-4287-96B1-EEA037825E90}.Debug|x86.ActiveCfg = Debug|Any CPU
		{B80D950D-CC8D-4287-96B1-EEA037825E90}.Debug|x86.Build.0 = Debug|Any CPU
		{B80D950D-CC8D-4287-96B1-EEA037825E90}.Release|Any CPU.ActiveCfg = Release|Any CPU
		{B80D950D-CC8D-4287-96B1-EEA037825E90}.Release|Any CPU.Build.0 = Release|Any CPU
		{B80D950D-CC8D-4287-96B1-EEA037825E90}.Release|ARM.ActiveCfg = Release|Any CPU
		{B80D950D-CC8D-4287-96B1-EEA037825E90}.Release|ARM.Build.0 = Release|Any CPU
		{B80D950D-CC8D-4287-96B1-EEA037825E90}.Release|x64.ActiveCfg = Release|Any CPU
		{B80D950D-CC8D-4287-96B1-EEA037825E90}.Release|x64.Build.0 = Release|Any CPU
		{B80D950D-CC8D-4287-96B1-EEA037825E90}.Release|x86.ActiveCfg = Release|Any CPU
		{B80D950D-CC8D-4287-96B1-EEA037825E90}.Release|x86.Build.0 = Release|Any CPU
		{B80D950D-CC8D-4287-96B1-EEA037825E90}.ReleaseWin8|Any CPU.ActiveCfg = Release|Any CPU
		{B80D950D-CC8D-4287-96B1-EEA037825E90}.ReleaseWin8|Any CPU.Build.0 = Release|Any CPU
		{B80D950D-CC8D-4287-96B1-EEA037825E90}.ReleaseWin8|ARM.ActiveCfg = Release|Any CPU
		{B80D950D-CC8D-4287-96B1-EEA037825E90}.ReleaseWin8|ARM.Build.0 = Release|Any CPU
		{B80D950D-CC8D-4287-96B1-EEA037825E90}.ReleaseWin8|x64.ActiveCfg = Release|Any CPU
		{B80D950D-CC8D-4287-96B1-EEA037825E90}.ReleaseWin8|x64.Build.0 = Release|Any CPU
		{B80D950D-CC8D-4287-96B1-EEA037825E90}.ReleaseWin8|x86.ActiveCfg = Release|Any CPU
		{B80D950D-CC8D-4287-96B1-EEA037825E90}.ReleaseWin8|x86.Build.0 = Release|Any CPU
		{B95F2EB2-519E-4BAB-B6B3-6DBBEA7879A6}.Debug|Any CPU.ActiveCfg = Debug|Any CPU
		{B95F2EB2-519E-4BAB-B6B3-6DBBEA7879A6}.Debug|Any CPU.Build.0 = Debug|Any CPU
		{B95F2EB2-519E-4BAB-B6B3-6DBBEA7879A6}.Debug|ARM.ActiveCfg = Debug|ARM
		{B95F2EB2-519E-4BAB-B6B3-6DBBEA7879A6}.Debug|ARM.Build.0 = Debug|ARM
		{B95F2EB2-519E-4BAB-B6B3-6DBBEA7879A6}.Debug|x64.ActiveCfg = Debug|Any CPU
		{B95F2EB2-519E-4BAB-B6B3-6DBBEA7879A6}.Debug|x64.Build.0 = Debug|Any CPU
		{B95F2EB2-519E-4BAB-B6B3-6DBBEA7879A6}.Debug|x86.ActiveCfg = Debug|x86
		{B95F2EB2-519E-4BAB-B6B3-6DBBEA7879A6}.Debug|x86.Build.0 = Debug|x86
		{B95F2EB2-519E-4BAB-B6B3-6DBBEA7879A6}.Release|Any CPU.ActiveCfg = Release|Any CPU
		{B95F2EB2-519E-4BAB-B6B3-6DBBEA7879A6}.Release|Any CPU.Build.0 = Release|Any CPU
		{B95F2EB2-519E-4BAB-B6B3-6DBBEA7879A6}.Release|ARM.ActiveCfg = Release|ARM
		{B95F2EB2-519E-4BAB-B6B3-6DBBEA7879A6}.Release|ARM.Build.0 = Release|ARM
		{B95F2EB2-519E-4BAB-B6B3-6DBBEA7879A6}.Release|x64.ActiveCfg = Release|Any CPU
		{B95F2EB2-519E-4BAB-B6B3-6DBBEA7879A6}.Release|x64.Build.0 = Release|Any CPU
		{B95F2EB2-519E-4BAB-B6B3-6DBBEA7879A6}.Release|x86.ActiveCfg = Release|x86
		{B95F2EB2-519E-4BAB-B6B3-6DBBEA7879A6}.Release|x86.Build.0 = Release|x86
		{B95F2EB2-519E-4BAB-B6B3-6DBBEA7879A6}.ReleaseWin8|Any CPU.ActiveCfg = Release|Any CPU
		{B95F2EB2-519E-4BAB-B6B3-6DBBEA7879A6}.ReleaseWin8|Any CPU.Build.0 = Release|Any CPU
		{B95F2EB2-519E-4BAB-B6B3-6DBBEA7879A6}.ReleaseWin8|ARM.ActiveCfg = Release|ARM
		{B95F2EB2-519E-4BAB-B6B3-6DBBEA7879A6}.ReleaseWin8|ARM.Build.0 = Release|ARM
		{B95F2EB2-519E-4BAB-B6B3-6DBBEA7879A6}.ReleaseWin8|x64.ActiveCfg = Release|Any CPU
		{B95F2EB2-519E-4BAB-B6B3-6DBBEA7879A6}.ReleaseWin8|x64.Build.0 = Release|Any CPU
		{B95F2EB2-519E-4BAB-B6B3-6DBBEA7879A6}.ReleaseWin8|x86.ActiveCfg = Release|x86
		{B95F2EB2-519E-4BAB-B6B3-6DBBEA7879A6}.ReleaseWin8|x86.Build.0 = Release|x86
		{DFE156BE-4D3D-4A6A-9E23-747DFD46920D}.Debug|Any CPU.ActiveCfg = Debug|Any CPU
		{DFE156BE-4D3D-4A6A-9E23-747DFD46920D}.Debug|Any CPU.Build.0 = Debug|Any CPU
		{DFE156BE-4D3D-4A6A-9E23-747DFD46920D}.Debug|ARM.ActiveCfg = Debug|Any CPU
		{DFE156BE-4D3D-4A6A-9E23-747DFD46920D}.Debug|ARM.Build.0 = Debug|Any CPU
		{DFE156BE-4D3D-4A6A-9E23-747DFD46920D}.Debug|x64.ActiveCfg = Debug|Any CPU
		{DFE156BE-4D3D-4A6A-9E23-747DFD46920D}.Debug|x64.Build.0 = Debug|Any CPU
		{DFE156BE-4D3D-4A6A-9E23-747DFD46920D}.Debug|x86.ActiveCfg = Debug|Any CPU
		{DFE156BE-4D3D-4A6A-9E23-747DFD46920D}.Debug|x86.Build.0 = Debug|Any CPU
		{DFE156BE-4D3D-4A6A-9E23-747DFD46920D}.Release|Any CPU.ActiveCfg = Release|Any CPU
		{DFE156BE-4D3D-4A6A-9E23-747DFD46920D}.Release|Any CPU.Build.0 = Release|Any CPU
		{DFE156BE-4D3D-4A6A-9E23-747DFD46920D}.Release|ARM.ActiveCfg = Release|Any CPU
		{DFE156BE-4D3D-4A6A-9E23-747DFD46920D}.Release|ARM.Build.0 = Release|Any CPU
		{DFE156BE-4D3D-4A6A-9E23-747DFD46920D}.Release|x64.ActiveCfg = Release|Any CPU
		{DFE156BE-4D3D-4A6A-9E23-747DFD46920D}.Release|x64.Build.0 = Release|Any CPU
		{DFE156BE-4D3D-4A6A-9E23-747DFD46920D}.Release|x86.ActiveCfg = Release|Any CPU
		{DFE156BE-4D3D-4A6A-9E23-747DFD46920D}.Release|x86.Build.0 = Release|Any CPU
		{DFE156BE-4D3D-4A6A-9E23-747DFD46920D}.ReleaseWin8|Any CPU.ActiveCfg = Release|Any CPU
		{DFE156BE-4D3D-4A6A-9E23-747DFD46920D}.ReleaseWin8|Any CPU.Build.0 = Release|Any CPU
		{DFE156BE-4D3D-4A6A-9E23-747DFD46920D}.ReleaseWin8|ARM.ActiveCfg = Release|Any CPU
		{DFE156BE-4D3D-4A6A-9E23-747DFD46920D}.ReleaseWin8|ARM.Build.0 = Release|Any CPU
		{DFE156BE-4D3D-4A6A-9E23-747DFD46920D}.ReleaseWin8|x64.ActiveCfg = Release|Any CPU
		{DFE156BE-4D3D-4A6A-9E23-747DFD46920D}.ReleaseWin8|x64.Build.0 = Release|Any CPU
		{DFE156BE-4D3D-4A6A-9E23-747DFD46920D}.ReleaseWin8|x86.ActiveCfg = Release|Any CPU
		{DFE156BE-4D3D-4A6A-9E23-747DFD46920D}.ReleaseWin8|x86.Build.0 = Release|Any CPU
		{A46863C7-1DEC-4037-9FC2-C353021F2490}.Debug|Any CPU.ActiveCfg = Debug|Any CPU
		{A46863C7-1DEC-4037-9FC2-C353021F2490}.Debug|Any CPU.Build.0 = Debug|Any CPU
		{A46863C7-1DEC-4037-9FC2-C353021F2490}.Debug|ARM.ActiveCfg = Debug|Any CPU
		{A46863C7-1DEC-4037-9FC2-C353021F2490}.Debug|ARM.Build.0 = Debug|Any CPU
		{A46863C7-1DEC-4037-9FC2-C353021F2490}.Debug|x64.ActiveCfg = Debug|Any CPU
		{A46863C7-1DEC-4037-9FC2-C353021F2490}.Debug|x64.Build.0 = Debug|Any CPU
		{A46863C7-1DEC-4037-9FC2-C353021F2490}.Debug|x86.ActiveCfg = Debug|Any CPU
		{A46863C7-1DEC-4037-9FC2-C353021F2490}.Debug|x86.Build.0 = Debug|Any CPU
		{A46863C7-1DEC-4037-9FC2-C353021F2490}.Release|Any CPU.ActiveCfg = Release|Any CPU
		{A46863C7-1DEC-4037-9FC2-C353021F2490}.Release|Any CPU.Build.0 = Release|Any CPU
		{A46863C7-1DEC-4037-9FC2-C353021F2490}.Release|ARM.ActiveCfg = Release|Any CPU
		{A46863C7-1DEC-4037-9FC2-C353021F2490}.Release|ARM.Build.0 = Release|Any CPU
		{A46863C7-1DEC-4037-9FC2-C353021F2490}.Release|x64.ActiveCfg = Release|Any CPU
		{A46863C7-1DEC-4037-9FC2-C353021F2490}.Release|x64.Build.0 = Release|Any CPU
		{A46863C7-1DEC-4037-9FC2-C353021F2490}.Release|x86.ActiveCfg = Release|Any CPU
		{A46863C7-1DEC-4037-9FC2-C353021F2490}.Release|x86.Build.0 = Release|Any CPU
		{A46863C7-1DEC-4037-9FC2-C353021F2490}.ReleaseWin8|Any CPU.ActiveCfg = Release|Any CPU
		{A46863C7-1DEC-4037-9FC2-C353021F2490}.ReleaseWin8|Any CPU.Build.0 = Release|Any CPU
		{A46863C7-1DEC-4037-9FC2-C353021F2490}.ReleaseWin8|ARM.ActiveCfg = Release|Any CPU
		{A46863C7-1DEC-4037-9FC2-C353021F2490}.ReleaseWin8|ARM.Build.0 = Release|Any CPU
		{A46863C7-1DEC-4037-9FC2-C353021F2490}.ReleaseWin8|x64.ActiveCfg = Release|Any CPU
		{A46863C7-1DEC-4037-9FC2-C353021F2490}.ReleaseWin8|x64.Build.0 = Release|Any CPU
		{A46863C7-1DEC-4037-9FC2-C353021F2490}.ReleaseWin8|x86.ActiveCfg = Release|Any CPU
		{A46863C7-1DEC-4037-9FC2-C353021F2490}.ReleaseWin8|x86.Build.0 = Release|Any CPU
		{BACACF2C-237F-4A48-A891-32B258207095}.Debug|Any CPU.ActiveCfg = Debug|Any CPU
		{BACACF2C-237F-4A48-A891-32B258207095}.Debug|Any CPU.Build.0 = Debug|Any CPU
		{BACACF2C-237F-4A48-A891-32B258207095}.Debug|ARM.ActiveCfg = Debug|Any CPU
		{BACACF2C-237F-4A48-A891-32B258207095}.Debug|ARM.Build.0 = Debug|Any CPU
		{BACACF2C-237F-4A48-A891-32B258207095}.Debug|x64.ActiveCfg = Debug|Any CPU
		{BACACF2C-237F-4A48-A891-32B258207095}.Debug|x64.Build.0 = Debug|Any CPU
		{BACACF2C-237F-4A48-A891-32B258207095}.Debug|x86.ActiveCfg = Debug|Any CPU
		{BACACF2C-237F-4A48-A891-32B258207095}.Debug|x86.Build.0 = Debug|Any CPU
		{BACACF2C-237F-4A48-A891-32B258207095}.Release|Any CPU.ActiveCfg = Release|Any CPU
		{BACACF2C-237F-4A48-A891-32B258207095}.Release|Any CPU.Build.0 = Release|Any CPU
		{BACACF2C-237F-4A48-A891-32B258207095}.Release|ARM.ActiveCfg = Release|Any CPU
		{BACACF2C-237F-4A48-A891-32B258207095}.Release|ARM.Build.0 = Release|Any CPU
		{BACACF2C-237F-4A48-A891-32B258207095}.Release|x64.ActiveCfg = Release|Any CPU
		{BACACF2C-237F-4A48-A891-32B258207095}.Release|x64.Build.0 = Release|Any CPU
		{BACACF2C-237F-4A48-A891-32B258207095}.Release|x86.ActiveCfg = Release|Any CPU
		{BACACF2C-237F-4A48-A891-32B258207095}.Release|x86.Build.0 = Release|Any CPU
		{BACACF2C-237F-4A48-A891-32B258207095}.ReleaseWin8|Any CPU.ActiveCfg = Release|Any CPU
		{BACACF2C-237F-4A48-A891-32B258207095}.ReleaseWin8|Any CPU.Build.0 = Release|Any CPU
		{BACACF2C-237F-4A48-A891-32B258207095}.ReleaseWin8|ARM.ActiveCfg = Release|Any CPU
		{BACACF2C-237F-4A48-A891-32B258207095}.ReleaseWin8|ARM.Build.0 = Release|Any CPU
		{BACACF2C-237F-4A48-A891-32B258207095}.ReleaseWin8|x64.ActiveCfg = Release|Any CPU
		{BACACF2C-237F-4A48-A891-32B258207095}.ReleaseWin8|x64.Build.0 = Release|Any CPU
		{BACACF2C-237F-4A48-A891-32B258207095}.ReleaseWin8|x86.ActiveCfg = Release|Any CPU
		{BACACF2C-237F-4A48-A891-32B258207095}.ReleaseWin8|x86.Build.0 = Release|Any CPU
	EndGlobalSection
	GlobalSection(SolutionProperties) = preSolution
		HideSolutionNode = FALSE
	EndGlobalSection
	GlobalSection(NestedProjects) = preSolution
		{002075C5-6517-4794-BC99-9B17B9E884E7} = {1BCC7A00-6382-4891-936A-F164614D26A4}
		{277C689D-B1C1-43EA-B20D-C1155C4B2EA7} = {B84E9CD3-2DDB-47FA-84BE-732EBF2F46CD}
		{B8051389-CB47-46FB-B234-9D49506704AA} = {1BCC7A00-6382-4891-936A-F164614D26A4}
		{19CF22A3-AA57-458B-9D72-1D8AD069F428} = {1BCC7A00-6382-4891-936A-F164614D26A4}
		{70D99BDC-6B9E-49AD-96FD-AEC193D27B55} = {1BCC7A00-6382-4891-936A-F164614D26A4}
		{906F2125-2AEC-44A3-A95F-CB79C0A745BB} = {1BCC7A00-6382-4891-936A-F164614D26A4}
		{35888286-1428-4BF3-BB0C-D8BC092D0A5D} = {C1930F52-C66E-4E56-B7DB-FD42E497FFF0}
		{693983C2-F4DE-44CB-A1D3-2AB00DF159DE} = {C1930F52-C66E-4E56-B7DB-FD42E497FFF0}
		{D4CBC84B-1A59-4DB5-BEB9-225F54C0442F} = {C1930F52-C66E-4E56-B7DB-FD42E497FFF0}
		{8C955148-FA96-4F0D-880D-ABB6770F54E9} = {C1930F52-C66E-4E56-B7DB-FD42E497FFF0}
		{B80D950D-CC8D-4287-96B1-EEA037825E90} = {C1930F52-C66E-4E56-B7DB-FD42E497FFF0}
		{B95F2EB2-519E-4BAB-B6B3-6DBBEA7879A6} = {C1930F52-C66E-4E56-B7DB-FD42E497FFF0}
		{DFE156BE-4D3D-4A6A-9E23-747DFD46920D} = {C1930F52-C66E-4E56-B7DB-FD42E497FFF0}
		{A46863C7-1DEC-4037-9FC2-C353021F2490} = {C1930F52-C66E-4E56-B7DB-FD42E497FFF0}
		{BACACF2C-237F-4A48-A891-32B258207095} = {1BCC7A00-6382-4891-936A-F164614D26A4}
	EndGlobalSection
EndGlobal
